
Microsoft Visual Studio Solution File, Format Version 12.00
# Visual Studio 15
VisualStudioVersion = 15.0.27428.2043
MinimumVisualStudioVersion = 10.0.40219.1
Project("{FAE04EC0-301F-11D3-BF4B-00C04F79EFBC}") = "Lxsh.Project.Common.RabbbitMQ.Demo", "Lxsh.Project.Common.RabbbitMQ.Demo\Lxsh.Project.Common.RabbbitMQ.Demo.csproj", "{3B0C7EE3-9613-4864-B952-9796F185F01D}"
EndProject
Project("{FAE04EC0-301F-11D3-BF4B-00C04F79EFBC}") = "SFBR.RabbitMQ", "Lxsh.Project.Common.RabbitMQ\SFBR.RabbitMQ.csproj", "{546E6400-8FB0-4642-B286-9CE2BF9F320A}"
EndProject
Global
	GlobalSection(SolutionConfigurationPlatforms) = preSolution
		Debug|Any CPU = Debug|Any CPU
		Release|Any CPU = Release|Any CPU
	EndGlobalSection
	GlobalSection(ProjectConfigurationPlatforms) = postSolution
		{3B0C7EE3-9613-4864-B952-9796F185F01D}.Debug|Any CPU.ActiveCfg = Debug|Any CPU
		{3B0C7EE3-9613-4864-B952-9796F185F01D}.Debug|Any CPU.Build.0 = Debug|Any CPU
		{3B0C7EE3-9613-4864-B952-9796F185F01D}.Release|Any CPU.ActiveCfg = Release|Any CPU
		{3B0C7EE3-9613-4864-B952-9796F185F01D}.Release|Any CPU.Build.0 = Release|Any CPU
		{546E6400-8FB0-4642-B286-9CE2BF9F320A}.Debug|Any CPU.ActiveCfg = Debug|Any CPU
		{546E6400-8FB0-4642-B286-9CE2BF9F320A}.Debug|Any CPU.Build.0 = Debug|Any CPU
		{546E6400-8FB0-4642-B286-9CE2BF9F320A}.Release|Any CPU.ActiveCfg = Release|Any CPU
		{546E6400-8FB0-4642-B286-9CE2BF9F320A}.Release|Any CPU.Build.0 = Release|Any CPU
	EndGlobalSection
	GlobalSection(SolutionProperties) = preSolution
		HideSolutionNode = FALSE
	EndGlobalSection
	GlobalSection(ExtensibilityGlobals) = postSolution
		SolutionGuid = {3C58FD0B-C4A3-49D3-9ECD-0D21FE6FF8B4}
	EndGlobalSection
EndGlobal
