
Microsoft Visual Studio Solution File, Format Version 12.00
# Visual Studio Version 16
VisualStudioVersion = 16.0.30002.166
MinimumVisualStudioVersion = 10.0.40219.1
Project("{FAE04EC0-301F-11D3-BF4B-00C04F79EFBC}") = "Lxsh.Project.Web", "Lxsh.Project.Web\Lxsh.Project.Web.csproj", "{4FD7D595-8FCE-44C9-8BB3-67500834770F}"
EndProject
Project("{FAE04EC0-301F-11D3-BF4B-00C04F79EFBC}") = "Lxsh.Project.Common", "Lxsh.Project.Common\Lxsh.Project.Common.csproj", "{F3D3FF1E-4242-402B-8E64-03B082A80E29}"
EndProject
Project("{FAE04EC0-301F-11D3-BF4B-00C04F79EFBC}") = "Lxsh.Project.Bussiness.Service", "Lxsh.Project.Bussiness.Service\Lxsh.Project.Bussiness.Service.csproj", "{54C0C5CB-092A-49D0-BD6A-A777F6F9609E}"
EndProject
Project("{FAE04EC0-301F-11D3-BF4B-00C04F79EFBC}") = "Lxsh.Project.Bussiness.Interface", "Lxsh.Project.Bussiness.Interface\Lxsh.Project.Bussiness.Interface.csproj", "{AF61FC13-C7EC-4F51-9EB6-91C3ECF16814}"
EndProject
Project("{FAE04EC0-301F-11D3-BF4B-00C04F79EFBC}") = "Lxsh.Project.Common.Web", "Lxsh.Project.Common.Web\Lxsh.Project.Common.Web.csproj", "{7B280E5F-ABA8-4AD5-A138-7B820FB10B3F}"
EndProject
Project("{FAE04EC0-301F-11D3-BF4B-00C04F79EFBC}") = "Lxsh.Project.Model", "Lxsh.Project.Model\Lxsh.Project.Model.csproj", "{C7FFC6EA-0857-4AE2-9BA6-A0B775C2AC62}"
EndProject
Project("{FAE04EC0-301F-11D3-BF4B-00C04F79EFBC}") = "Lxsh.Project.Common.Redis", "Lxsh.Project.Common.Redis\Lxsh.Project.Common.Redis.csproj", "{3DE757B1-4BE7-48E9-BF44-585AAC801D0F}"
EndProject
Project("{FAE04EC0-301F-11D3-BF4B-00C04F79EFBC}") = "SqlSugar", "SqlSugar\SqlSugar.csproj", "{489BB790-226C-4FAD-8D1E-51D72A7FF8E5}"
EndProject
Project("{FAE04EC0-301F-11D3-BF4B-00C04F79EFBC}") = "Lxsh.Project.UnitTest", "Lxsh.Project.UnitTest\Lxsh.Project.UnitTest.csproj", "{6DEFD084-3627-47DC-8FF9-438E155C82FE}"
EndProject
Project("{2150E333-8FDC-42A3-9474-1A3956D46DE8}") = "03 Common 基础结构层", "03 Common 基础结构层", "{C217720D-73F7-4639-A370-D7F30147DEC0}"
EndProject
Project("{2150E333-8FDC-42A3-9474-1A3956D46DE8}") = "01 Web 应用程序", "01 Web 应用程序", "{17E680C0-7C92-462C-8869-F67EEE313F9B}"
EndProject
Project("{2150E333-8FDC-42A3-9474-1A3956D46DE8}") = "02 Service 应用服务", "02 Service 应用服务", "{5D9B740D-1B86-406B-A3B4-A13EA4485F44}"
EndProject
Project("{2150E333-8FDC-42A3-9474-1A3956D46DE8}") = "04 SSO 统一身份认证登录", "04 SSO 统一身份认证登录", "{7A550AF4-65EA-4209-8808-ADFC2FC294A9}"
EndProject
Project("{FAE04EC0-301F-11D3-BF4B-00C04F79EFBC}") = "Lxsh.Project.SSOLoginCenter", "Lxsh.Project.SSOLoginCenter\Lxsh.Project.SSOLoginCenter.csproj", "{B79EAD11-E42D-4C37-BF3D-1CB6AC861719}"
EndProject
Project("{FAE04EC0-301F-11D3-BF4B-00C04F79EFBC}") = "Lxsh.Project.SSOClientDemo", "Lxsh.Project.SSOClientDemo\Lxsh.Project.SSOClientDemo.csproj", "{CFC089C9-6C04-4035-983B-13369B311EC7}"
EndProject
Project("{FAE04EC0-301F-11D3-BF4B-00C04F79EFBC}") = "Lxsh.Project.SqlDemo", "Lxsh.Project.SqlDemo\Lxsh.Project.SqlDemo.csproj", "{74F6CFD8-550C-44F1-B3E4-910E57F5B604}"
EndProject
Project("{FAE04EC0-301F-11D3-BF4B-00C04F79EFBC}") = "Lxsh.Project.Demo", "Lxsh.Project.Demo\Lxsh.Project.Demo.csproj", "{03FA4357-2435-4B4F-B956-D6EC454DF880}"
EndProject
Project("{2150E333-8FDC-42A3-9474-1A3956D46DE8}") = "05 演示Demo", "05 演示Demo", "{C70DAB71-276C-4F28-855C-F3C2E5AA61EC}"
EndProject
Project("{FAE04EC0-301F-11D3-BF4B-00C04F79EFBC}") = "SFBR.RabbitMQ", "Lxsh.Project.Common.RabbitMQ\SFBR.RabbitMQ.csproj", "{546E6400-8FB0-4642-B286-9CE2BF9F320A}"
EndProject
Project("{FAE04EC0-301F-11D3-BF4B-00C04F79EFBC}") = "Lxsh.Project.Common.RabbbitMQ.Demo", "Lxsh.Project.Common.RabbbitMQ.Demo\Lxsh.Project.Common.RabbbitMQ.Demo.csproj", "{3B0C7EE3-9613-4864-B952-9796F185F01D}"
EndProject
Project("{FAE04EC0-301F-11D3-BF4B-00C04F79EFBC}") = "Lxsh.Project.WebSocket.Demo", "Lxsh.Project.WebSocket.Demo\Lxsh.Project.WebSocket.Demo.csproj", "{26D0277E-A471-424D-8CFB-D8B4CB784505}"
EndProject
Project("{FAE04EC0-301F-11D3-BF4B-00C04F79EFBC}") = "Lxsh.Project.WebSocketServerTest", "Lxsh.Project.WebSocketServerTest\Lxsh.Project.WebSocketServerTest.csproj", "{491C0AE8-EDB9-4266-B0E6-1E0C4DE1F458}"
EndProject
Project("{FAE04EC0-301F-11D3-BF4B-00C04F79EFBC}") = "Lxsh.Project.Quartz.Demo", "Lxsh.Project.Quartz.Demo\Lxsh.Project.Quartz.Demo.csproj", "{B8016EA9-B183-4023-A038-EA6E4657AF6D}"
EndProject
Project("{9A19103F-16F7-4668-BE54-9A1E7A4F7556}") = "Lxsh.Project.AutoMapper.Demo", "Lxsh.Project.AutoMapper.Demo\Lxsh.Project.AutoMapper.Demo.csproj", "{ABE090D3-C134-47FE-8573-F85A48386D56}"
EndProject
Project("{2150E333-8FDC-42A3-9474-1A3956D46DE8}") = "06 设计模式", "06 设计模式", "{344A7456-E538-48A4-A33D-778B0A035448}"
EndProject
Project("{9A19103F-16F7-4668-BE54-9A1E7A4F7556}") = "Lxsh.Project.DesignPattern_Simplefactory", "Lxsh.Project.DesignPattern_Simplefactory\Lxsh.Project.DesignPattern_Simplefactory.csproj", "{6DD4C9C1-F2F1-48BD-94F6-1A4F0DC2217C}"
EndProject
Project("{FAE04EC0-301F-11D3-BF4B-00C04F79EFBC}") = "Lxsh.Project.Dapper.Demo", "Lxsh.Project.Dapper.Demo\Lxsh.Project.Dapper.Demo.csproj", "{30AF00B3-B30C-4A6C-8DE5-089126BBCFFC}"
EndProject
Project("{FAE04EC0-301F-11D3-BF4B-00C04F79EFBC}") = "Lxsh.Project.DesignPattern_TemplateMethod", "Lxsh.Project.DesignPattern_TemplateMethod\Lxsh.Project.DesignPattern_TemplateMethod.csproj", "{B9530735-191F-42BB-83D0-329D3072EA4B}"
EndProject
Project("{FAE04EC0-301F-11D3-BF4B-00C04F79EFBC}") = "Lxsh.Project.DesignPattern_Iterator", "Lxsh.Project.DesignPattern_Iterator\Lxsh.Project.DesignPattern_Iterator.csproj", "{DA40E644-5B21-4406-A264-4408112EED75}"
EndProject
Project("{FAE04EC0-301F-11D3-BF4B-00C04F79EFBC}") = "Lxsh.Project.DesignPattern_TSingleton", "Lxsh.Project.DesignPattern_TSingleton\Lxsh.Project.DesignPattern_TSingleton.csproj", "{588C1BEE-2456-43CE-A0E3-7E0A5C667830}"
EndProject
Project("{FAE04EC0-301F-11D3-BF4B-00C04F79EFBC}") = "Lxsh.Project.DesignPattern_Prototype", "Lxsh.Project.DesignPattern_Prototype\Lxsh.Project.DesignPattern_Prototype.csproj", "{8C377CB8-0E6C-4FAE-89F6-3C48119D66E1}"
EndProject
Project("{FAE04EC0-301F-11D3-BF4B-00C04F79EFBC}") = "Lxsh.Project.DesignPattern_Proxy", "Lxsh.Project.DesignPattern_Proxy\Lxsh.Project.DesignPattern_Proxy.csproj", "{A507487E-452B-402C-ACB5-B0BBD2DAE4A8}"
EndProject
Project("{FAE04EC0-301F-11D3-BF4B-00C04F79EFBC}") = "Lxsh.Project.DesignPattern_Filter", "Lxsh.Project.DesignPattern_Filter\Lxsh.Project.DesignPattern_Filter.csproj", "{D6E16F81-E963-4F66-A426-2C85E519C7EA}"
EndProject
Project("{FAE04EC0-301F-11D3-BF4B-00C04F79EFBC}") = "Lxsh.Project.DesignPattern_Strategy", "Lxsh.Project.DesignPattern_Strategy\Lxsh.Project.DesignPattern_Strategy.csproj", "{C3B3A5A5-E733-40F3-BF5F-BA7A047A6D1F}"
EndProject
Project("{FAE04EC0-301F-11D3-BF4B-00C04F79EFBC}") = "Lxsh.Project.DesignPattern_Obsever", "Lxsh.Project.DesignPattern_Obsever\Lxsh.Project.DesignPattern_Obsever.csproj", "{B8473857-0BAE-40B0-9DC1-17D113C8FCF5}"
EndProject
Project("{FAE04EC0-301F-11D3-BF4B-00C04F79EFBC}") = "Lxsh.Project.DesignPattern_Builder", "Lxsh.Project.DesignPattern_Builder\Lxsh.Project.DesignPattern_Builder.csproj", "{5A98F180-39A3-4FF1-860F-01AEB2D90A1C}"
EndProject
Project("{FAE04EC0-301F-11D3-BF4B-00C04F79EFBC}") = "Lxsh.Project.DesignPattern_Memento", "Lxsh.Project.DesignPattern_Memento\Lxsh.Project.DesignPattern_Memento.csproj", "{4AFDA95F-75B3-43A6-929B-21C736680FF1}"
EndProject
Project("{FAE04EC0-301F-11D3-BF4B-00C04F79EFBC}") = "Lxsh.Project.DesignPattern_Mediator", "Lxsh.Project.DesignPattern_Mediator\Lxsh.Project.DesignPattern_Mediator.csproj", "{B7C06EE4-6B7E-40D4-91D9-5B6D2D2E3072}"
EndProject
Project("{FAE04EC0-301F-11D3-BF4B-00C04F79EFBC}") = "Lxsh.Project.DesignPattern_Command", "Lxsh.Project.DesignPattern_Comand\Lxsh.Project.DesignPattern_Command.csproj", "{2D91F5B2-EA61-410A-9984-DA11AD4DF4BA}"
EndProject
Project("{FAE04EC0-301F-11D3-BF4B-00C04F79EFBC}") = "Lxsh.Project.DesignPattern_State", "Lxsh.Project.DesignPattern_State\Lxsh.Project.DesignPattern_State.csproj", "{062A52E2-E67B-4BA3-8FD1-E781422ABFDF}"
EndProject
Project("{FAE04EC0-301F-11D3-BF4B-00C04F79EFBC}") = "Lxsh.Project.DesignPattern_Chain", "Lxsh.Project.DesignPattern_Chain\Lxsh.Project.DesignPattern_Chain.csproj", "{27DE9997-344E-4AEF-8937-90595653FC78}"
EndProject
Project("{FAE04EC0-301F-11D3-BF4B-00C04F79EFBC}") = "Lxsh.Project.DesignPattern_ Bridge", "Lxsh.Project.DesignPattern_ Bridge\Lxsh.Project.DesignPattern_ Bridge.csproj", "{379A6CD7-976C-4E52-B793-5EBC55AE03A3}"
EndProject
Project("{FAE04EC0-301F-11D3-BF4B-00C04F79EFBC}") = "Lxsh.Project.DesignPattern_ Decorator", "Lxsh.Project.DesignPattern_ Decorator\Lxsh.Project.DesignPattern_ Decorator.csproj", "{2A19844C-4E85-45AF-AABF-570943C63053}"
EndProject
Project("{FAE04EC0-301F-11D3-BF4B-00C04F79EFBC}") = "Lxsh.Project.DesignPattern_ Component", "Lxsh.Project.DesignPattern_ Component\Lxsh.Project.DesignPattern_ Component.csproj", "{2E1AF06D-4543-4D11-910D-35CC53890F7B}"
EndProject
Project("{2150E333-8FDC-42A3-9474-1A3956D46DE8}") = "07 仓储模式", "07 仓储模式", "{D9D131D4-3788-44DC-96F8-E4E818F7D906}"
EndProject
Project("{FAE04EC0-301F-11D3-BF4B-00C04F79EFBC}") = "Lxsh.Project.Repository", "Lxsh.Project.Repository\Lxsh.Project.Repository.csproj", "{761F0066-611A-46D1-AE29-1EB92F051CD4}"
EndProject
Project("{2150E333-8FDC-42A3-9474-1A3956D46DE8}") = "08 WCF", "08 WCF", "{823A42C3-1EBC-43C8-A875-24833CA6EDB9}"
EndProject
Project("{FAE04EC0-301F-11D3-BF4B-00C04F79EFBC}") = "Lxsh.Project.WcfServer", "Lxsh.Project.WCFService\Lxsh.Project.WcfServer.csproj", "{64F99E30-59CC-494D-81AE-82D6230A29AB}"
EndProject
Project("{FAE04EC0-301F-11D3-BF4B-00C04F79EFBC}") = "Lxsh.Project.WcfClient", "Lxsh.Project.WcfClient\Lxsh.Project.WcfClient.csproj", "{E9CC40AA-6614-4BCD-9DF1-B2DADCE6DF19}"
EndProject
Project("{FAE04EC0-301F-11D3-BF4B-00C04F79EFBC}") = "Lxsh.Project.WcfServiceLib", "Lxsh.Project.WcfServiceLib\Lxsh.Project.WcfServiceLib.csproj", "{C4C9D37B-0E15-4B1E-A5DA-8A49EAD9AC39}"
EndProject
Project("{FAE04EC0-301F-11D3-BF4B-00C04F79EFBC}") = "Lxsh.Project.Thread.Demo", "Lxsh.Project.Thread.Demo\Lxsh.Project.Thread.Demo.csproj", "{AEDCBF84-FDB3-4ECD-8D6F-3A05E17516A9}"
EndProject
Project("{FAE04EC0-301F-11D3-BF4B-00C04F79EFBC}") = "Lxsh.Project.Common.TTDemo", "Lxsh.Project.Common.TTDemo\Lxsh.Project.Common.TTDemo.csproj", "{4043AD18-DE2F-4505-A3FC-0BC1A62FC497}"
EndProject
Project("{2150E333-8FDC-42A3-9474-1A3956D46DE8}") = "09 代码模版生成", "09 代码模版生成", "{58778F78-0D5F-48CB-B2CE-2EDA08A8EC4B}"
EndProject
Project("{FAE04EC0-301F-11D3-BF4B-00C04F79EFBC}") = "Lxsh.Project.CodeGenerator", "Lxsh.Project.CodeGenerator\Lxsh.Project.CodeGenerator.csproj", "{89BEBCE2-4591-431B-8975-E5BEF3084444}"
EndProject
Project("{2150E333-8FDC-42A3-9474-1A3956D46DE8}") = "10 WebAPI", "10 WebAPI", "{269C7015-CD5D-4415-84E0-3CCD62DB6B15}"
EndProject
Project("{9A19103F-16F7-4668-BE54-9A1E7A4F7556}") = "Lxsh.Project.CoreWebApi", "Lxsh.Project.CoreWebApi\Lxsh.Project.CoreWebApi.csproj", "{FDB919DF-9153-4871-B246-4BF76DC7CFC0}"
EndProject
Project("{2150E333-8FDC-42A3-9474-1A3956D46DE8}") = "11 .NET Core", "11 .NET Core", "{ADB565F5-162A-4075-B31F-8A7978948EAC}"
EndProject
Project("{9A19103F-16F7-4668-BE54-9A1E7A4F7556}") = "Lxsh.Project.NetCore.ConsoleDemo", "Lxsh.Project.NetCore.ConsoleDemo\Lxsh.Project.NetCore.ConsoleDemo.csproj", "{3753F4C6-50EC-4132-8A62-0530D4B8FF9B}"
EndProject
Project("{9A19103F-16F7-4668-BE54-9A1E7A4F7556}") = "Lxsh.Project.NetCore.Web", "Lxsh.Project.NetCore.Web\Lxsh.Project.NetCore.Web.csproj", "{3FC9C834-5596-43FB-BB48-2D6DC83E57FC}"
EndProject
Project("{FAE04EC0-301F-11D3-BF4B-00C04F79EFBC}") = "Lxsh.Project.SignalR.Demo", "Lxsh.Project.SignalR.Demo\Lxsh.Project.SignalR.Demo.csproj", "{ABB7639E-8970-412A-88C3-61B822F07172}"
EndProject
Project("{FAE04EC0-301F-11D3-BF4B-00C04F79EFBC}") = "Lxsh.Project.SignalRServer.Demo", "Lxsh.Project.SignalRServer.Demo\Lxsh.Project.SignalRServer.Demo.csproj", "{19C3DD50-5476-458A-8D3D-1A3CDEE274E3}"
EndProject
Project("{FAE04EC0-301F-11D3-BF4B-00C04F79EFBC}") = "Lxsh.Project.MVCEF.Demo", "Lxsh.Project.MVCEF.Demo\Lxsh.Project.MVCEF.Demo.csproj", "{8FAA9261-F517-4191-8647-30A36DFB3017}"
EndProject
Project("{FAE04EC0-301F-11D3-BF4B-00C04F79EFBC}") = "Lxsh.Project.MVCEF.Demo.Tests", "Lxsh.Project.MVCEF.Demo.Tests\Lxsh.Project.MVCEF.Demo.Tests.csproj", "{C1DA39CC-9ACA-4FF2-9128-1CF8C8D5C67D}"
EndProject
Project("{FAE04EC0-301F-11D3-BF4B-00C04F79EFBC}") = "Lxsh.Project.RedirectDemo", "Lxsh.Project.RedirectDemo\Lxsh.Project.RedirectDemo.csproj", "{65FEC2D1-3DB4-4463-AC17-BD14AD285E76}"
EndProject
Project("{FAE04EC0-301F-11D3-BF4B-00C04F79EFBC}") = "Lxsh.Project.TopShelfDemo", "Lxsh.Project.TopShelfDemo\Lxsh.Project.TopShelfDemo.csproj", "{7D68EAA7-4D0E-464F-A6CF-2C7B14AB7ED5}"
EndProject
Project("{FAE04EC0-301F-11D3-BF4B-00C04F79EFBC}") = "Lxsh.Project.CameraAforge", "Lxsh.Project.CameraAforge\Lxsh.Project.CameraAforge.csproj", "{E9F471A0-9651-4BF9-B9E2-52827EA2092D}"
EndProject
Project("{FAE04EC0-301F-11D3-BF4B-00C04F79EFBC}") = "Lxsh.Project.CefSharpDemo", "Lxsh.Project.CefSharpDemo\Lxsh.Project.CefSharpDemo.csproj", "{3517F8C9-3382-4678-837F-2A6414DF276A}"
EndProject
Project("{9A19103F-16F7-4668-BE54-9A1E7A4F7556}") = "Lxsh.Project.CsRedisDemo", "Lxsh.Project.CsRedisDemo\Lxsh.Project.CsRedisDemo.csproj", "{94D7BC9C-E17A-4EE0-B9FE-6628D5CBE138}"
EndProject
Project("{FAE04EC0-301F-11D3-BF4B-00C04F79EFBC}") = "Lxsh.Project.SuperSocketServer", "Lxsh.Project.SuperSocketServer\Lxsh.Project.SuperSocketServer.csproj", "{0737EDD6-2DDE-4CB2-B465-ABCFB045FA3F}"
EndProject
Project("{FAE04EC0-301F-11D3-BF4B-00C04F79EFBC}") = "SFBR_Socket", "Lxsh.Project.TongXing\TongXing\SFBR_Socket.csproj", "{29DD1B2B-11C0-440E-A791-6E7FB20D3EB7}"
EndProject
Project("{FAE04EC0-301F-11D3-BF4B-00C04F79EFBC}") = "SFBR_SocketServer", "SFBR_SocketServer\SFBR_SocketServer.csproj", "{7CD9FA7F-DBF3-441F-9036-DEAEB25045E0}"
EndProject
Project("{FAE04EC0-301F-11D3-BF4B-00C04F79EFBC}") = "Lxsh.Project.ReadBadCode.Demo", "Lxsh.Project.ReadBadCode.Demo\Lxsh.Project.ReadBadCode.Demo.csproj", "{D6C770F1-8237-4FE3-A0D9-CEE0AF39DB6A}"
EndProject
Project("{FAE04EC0-301F-11D3-BF4B-00C04F79EFBC}") = "Lxsh.Project.NetPostWebservice.Demo", "Lxsh.Project.NetPostWebservice.Demo\Lxsh.Project.NetPostWebservice.Demo.csproj", "{BA6E8F51-8E0D-43CF-A80A-CA114B6D4DFB}"
EndProject
Project("{FAE04EC0-301F-11D3-BF4B-00C04F79EFBC}") = "Lxsh.Project.SpeechSynthesizer.Demo", "Lxsh.Project.SpeechSynthesizer.Demo\Lxsh.Project.SpeechSynthesizer.Demo.csproj", "{2FBF813D-00C4-417F-ABB2-02C7EF054207}"
EndProject
Project("{FAE04EC0-301F-11D3-BF4B-00C04F79EFBC}") = "Lxsh.Project.ChangeWndRect.Demo", "Lxsh.Project.ChangeWndRect.Demo\Lxsh.Project.ChangeWndRect.Demo.csproj", "{6686615E-049D-4268-B063-0A6AD5276BFC}"
EndProject
Project("{FAE04EC0-301F-11D3-BF4B-00C04F79EFBC}") = "Lxsh.Project.ConsoleDemo", "Lxsh.Project.ConsoleDemo\Lxsh.Project.ConsoleDemo.csproj", "{828111AA-D04C-4221-8361-7BF81FC7CC32}"
EndProject
Project("{FAE04EC0-301F-11D3-BF4B-00C04F79EFBC}") = "Lxsh.Project.GDIDemo", "Lxsh.Project.GDIDemo\Lxsh.Project.GDIDemo.csproj", "{83ECE3E8-6B8E-49C7-905F-257D65B5EAAA}"
EndProject
Project("{FAE04EC0-301F-11D3-BF4B-00C04F79EFBC}") = "Lxsh.Project.SocketDemo", "Lxsh.Project.SocketDemo\Lxsh.Project.SocketDemo.csproj", "{545EC25C-A77A-493C-A258-7DF922B5F9F8}"
EndProject
Project("{FAE04EC0-301F-11D3-BF4B-00C04F79EFBC}") = "Lxsh.Project.ActiveMQDemo", "Lxsh.Project.ActiveMQDemo\Lxsh.Project.ActiveMQDemo.csproj", "{5B95B2AC-3A96-47F8-96F6-947B76BBCF80}"
EndProject
Project("{FAE04EC0-301F-11D3-BF4B-00C04F79EFBC}") = "Lxsh.Project.RectangleDemo", "Lxsh.Project.RectangleDemo\Lxsh.Project.RectangleDemo.csproj", "{C234A8ED-2069-4ED4-BF38-5B6337526B6A}"
EndProject
Project("{FAE04EC0-301F-11D3-BF4B-00C04F79EFBC}") = "Lxsh.Project.WordsLibrary.Demo", "Lxsh.Project.WordsLibrary.Demo\Lxsh.Project.WordsLibrary.Demo.csproj", "{829CB169-F0DF-435D-8CD0-81B15AADEE39}"
EndProject
Project("{FAE04EC0-301F-11D3-BF4B-00C04F79EFBC}") = "Lxsh.Project.NetMQDemo", "Lxsh.Project.NetMQDemo\Lxsh.Project.NetMQDemo.csproj", "{BD1A5666-058B-4B7F-8C29-E85AA543CF1B}"
EndProject
Project("{FAE04EC0-301F-11D3-BF4B-00C04F79EFBC}") = "Lxsh.Project.QueueDemo", "Lxsh.Project.QueueDemo\Lxsh.Project.QueueDemo.csproj", "{4D602CFF-86B7-4C8E-B001-351823243DAE}"
EndProject
Project("{FAE04EC0-301F-11D3-BF4B-00C04F79EFBC}") = "Lxsh.Project.CsRedisNetDemo", "Lxsh.Project.CsRedisNetDemo\Lxsh.Project.CsRedisNetDemo.csproj", "{F9282F6D-B777-480B-A20D-4A41CD53D079}"
EndProject
Project("{FAE04EC0-301F-11D3-BF4B-00C04F79EFBC}") = "SFBR_SocketClient", "SFBR_SocketClient\SFBR_SocketClient.csproj", "{36635AFB-FAE4-401E-A416-52B7C9873E8F}"
EndProject
Project("{FAE04EC0-301F-11D3-BF4B-00C04F79EFBC}") = "Lxsh.Project.AutoSizeForm", "Lxsh.Project.AutoSizeForm\Lxsh.Project.AutoSizeForm.csproj", "{616A5A74-E10F-4383-A336-3F4FC4617F34}"
EndProject
Project("{FAE04EC0-301F-11D3-BF4B-00C04F79EFBC}") = "Lxsh.Project.WebSocket.ClientDemo", "Lxsh.Project.WebSocket.ClientDemo\Lxsh.Project.WebSocket.ClientDemo.csproj", "{CF912633-9EA9-4C96-ABF9-B612CBE537EA}"
EndProject
Project("{2150E333-8FDC-42A3-9474-1A3956D46DE8}") = "12.任务", "12.任务", "{1D3E13DF-FBE6-44C2-A82F-C86692C6D4B5}"
EndProject
Project("{FAE04EC0-301F-11D3-BF4B-00C04F79EFBC}") = "Lxsh.Project.Crontab", "Lxsh.Project.Crontab\Lxsh.Project.Crontab.csproj", "{E8E4B0B1-3A48-4C6E-879B-349DC5951BDE}"
EndProject
Project("{FAE04EC0-301F-11D3-BF4B-00C04F79EFBC}") = "Lxsh.Project.JobsClass", "Lxsh.Project.JobsClass\Lxsh.Project.JobsClass.csproj", "{220E96FC-24CB-485E-AA8E-EE068E0A9687}"
EndProject
Project("{FAE04EC0-301F-11D3-BF4B-00C04F79EFBC}") = "DemoQrCode", "DemoQrCode\DemoQrCode.csproj", "{C91A53BD-E82A-489F-AF82-3230A458CA1C}"
EndProject
Project("{FAE04EC0-301F-11D3-BF4B-00C04F79EFBC}") = "Lxsh.Project.WebSocketDemo", "Lxsh.Project.WebSocket\Lxsh.Project.WebSocketDemo.csproj", "{F3DB1CC3-BBB3-4A98-AD75-E860944CD31A}"
EndProject
Project("{FAE04EC0-301F-11D3-BF4B-00C04F79EFBC}") = "Lxsh.Project. BluetoothDemo", "Lxsh.Project. BluetoothDemo\Lxsh.Project. BluetoothDemo.csproj", "{3AB72308-664F-42A2-878B-EE65BA343ABB}"
EndProject
Project("{9A19103F-16F7-4668-BE54-9A1E7A4F7556}") = "Lxsh.Project.NewtonsoftDemo", "Lxsh.Project.NewtonsoftDemo\Lxsh.Project.NewtonsoftDemo.csproj", "{B94413C4-238F-42DB-AE16-E0D478E9797E}"
EndProject
Project("{FAE04EC0-301F-11D3-BF4B-00C04F79EFBC}") = "Lxsh.Project.SqlConnect", "Lxsh.Project.SqlConnect\Lxsh.Project.SqlConnect.csproj", "{BF7480D8-E9CE-4B31-A295-B106FC24CD38}"
EndProject
Project("{9A19103F-16F7-4668-BE54-9A1E7A4F7556}") = "Lxsh.Project.TelDemo", "Lxsh.Project.TelDemo\Lxsh.Project.TelDemo.csproj", "{641FB192-0B2E-4C59-9F9B-99839D6E7C5D}"
EndProject
Project("{FAE04EC0-301F-11D3-BF4B-00C04F79EFBC}") = "Lxsh.Project.HttpWebServerDemo", "Lxsh.Project.HttpWebServerDemo\Lxsh.Project.HttpWebServerDemo.csproj", "{E2E7CEC6-A6A3-4306-A60B-533B271E52BD}"
EndProject
Project("{9A19103F-16F7-4668-BE54-9A1E7A4F7556}") = "Lxsh.Project.MQTTDemo", "Lxsh.Project.MQTTDemo\Lxsh.Project.MQTTDemo.csproj", "{76A55620-ACB4-41CD-BB5F-50E16417C04A}"
EndProject
Project("{FAE04EC0-301F-11D3-BF4B-00C04F79EFBC}") = "Lxsh.Project.HelathDemo", "Lxsh.Project.HelathDemo\Lxsh.Project.HelathDemo.csproj", "{E67217B3-4CB2-4F0C-894C-369BBD125411}"
EndProject
Project("{FAE04EC0-301F-11D3-BF4B-00C04F79EFBC}") = "Lxsh.Project.MapDataDemo", "Lxsh.Project.MapDataDemo\Lxsh.Project.MapDataDemo.csproj", "{998C70D7-4DE0-4CDE-A136-B06D64C3C554}"
EndProject
Project("{FAE04EC0-301F-11D3-BF4B-00C04F79EFBC}") = "Lxsh.Project.PrintScreenDemo", "Lxsh.Project.PrintScreenDemo\Lxsh.Project.PrintScreenDemo.csproj", "{79A1F939-FEA7-4927-ADB5-09E6175FFDD4}"
EndProject
Project("{FAE04EC0-301F-11D3-BF4B-00C04F79EFBC}") = "Lxsh.Project.MSMQDemo", "Lxsh.Project.MSMQDemo\Lxsh.Project.MSMQDemo.csproj", "{0976AA9A-3681-4798-970A-E39287B4A35F}"
EndProject
Project("{9A19103F-16F7-4668-BE54-9A1E7A4F7556}") = "Lxsh.Project.GrpcServiceDemo", "Lxsh.Project.GrpcServiceDemo\Lxsh.Project.GrpcServiceDemo.csproj", "{6C296692-EC4D-420A-8116-4549673E4658}"
EndProject
Project("{9A19103F-16F7-4668-BE54-9A1E7A4F7556}") = "Lxsh.Project.GrpcClient", "Lxsh.Project.GrpcClient\Lxsh.Project.GrpcClient.csproj", "{873B42CE-BD41-4DEC-AE68-CFE671C76844}"
EndProject
Project("{9A19103F-16F7-4668-BE54-9A1E7A4F7556}") = "Lxsh.Project.HttpsDemo", "Lxsh.Project.HttpsDemo\Lxsh.Project.HttpsDemo.csproj", "{85E9C8F4-4B11-4452-9BBE-C88D90B6C75E}"
EndProject
Project("{FAE04EC0-301F-11D3-BF4B-00C04F79EFBC}") = "Lxsh.Project.HookDemo", "Lxsh.Project.HookDemo\Lxsh.Project.HookDemo.csproj", "{5C2FCCF8-AEF5-4961-A566-18A0E57EF5A9}"
EndProject
Project("{9A19103F-16F7-4668-BE54-9A1E7A4F7556}") = "Lxsh.Project.NetCoreWebApi", "Lxsh.Project.NetCoreWebApi\Lxsh.Project.NetCoreWebApi.csproj", "{6463F38F-F768-4AC8-AA60-2E63B7F2E396}"
EndProject
Project("{2150E333-8FDC-42A3-9474-1A3956D46DE8}") = "Solution Items", "Solution Items", "{61272934-FCD2-4AA1-AB91-EEF0B667ECA9}"
	ProjectSection(SolutionItems) = preProject
		.editorconfig = .editorconfig
	EndProjectSection
EndProject
Project("{9A19103F-16F7-4668-BE54-9A1E7A4F7556}") = "Lxsh.Project.AopDemo", "Lxsh.Project.AopDemo\Lxsh.Project.AopDemo.csproj", "{A81B3421-B0D7-4EF9-B850-32F0FB66FCC0}"
EndProject
Project("{FAE04EC0-301F-11D3-BF4B-00C04F79EFBC}") = "ConsoleAppTestSQL", "ConsoleAppTestSQL\ConsoleAppTestSQL.csproj", "{0982CEF4-048F-476C-8B62-102B4CD6BC87}"
EndProject
Project("{F184B08F-C81C-45F6-A57F-5ABD9991F28F}") = "Lxsh.Projet.VideoWeb", "Lxsh.Projet.VideoWeb\Lxsh.Projet.VideoWeb.vbproj", "{00897A34-1C60-4FFD-B8FE-C3E33ECB6359}"
EndProject
Global
	GlobalSection(SolutionConfigurationPlatforms) = preSolution
		Debug|Any CPU = Debug|Any CPU
		Debug|x86 = Debug|x86
		Release|Any CPU = Release|Any CPU
		Release|x86 = Release|x86
	EndGlobalSection
	GlobalSection(ProjectConfigurationPlatforms) = postSolution
		{4FD7D595-8FCE-44C9-8BB3-67500834770F}.Debug|Any CPU.ActiveCfg = Debug|Any CPU
		{4FD7D595-8FCE-44C9-8BB3-67500834770F}.Debug|Any CPU.Build.0 = Debug|Any CPU
		{4FD7D595-8FCE-44C9-8BB3-67500834770F}.Debug|x86.ActiveCfg = Debug|Any CPU
		{4FD7D595-8FCE-44C9-8BB3-67500834770F}.Debug|x86.Build.0 = Debug|Any CPU
		{4FD7D595-8FCE-44C9-8BB3-67500834770F}.Release|Any CPU.ActiveCfg = Release|Any CPU
		{4FD7D595-8FCE-44C9-8BB3-67500834770F}.Release|Any CPU.Build.0 = Release|Any CPU
		{4FD7D595-8FCE-44C9-8BB3-67500834770F}.Release|x86.ActiveCfg = Release|Any CPU
		{4FD7D595-8FCE-44C9-8BB3-67500834770F}.Release|x86.Build.0 = Release|Any CPU
		{F3D3FF1E-4242-402B-8E64-03B082A80E29}.Debug|Any CPU.ActiveCfg = Debug|Any CPU
		{F3D3FF1E-4242-402B-8E64-03B082A80E29}.Debug|Any CPU.Build.0 = Debug|Any CPU
		{F3D3FF1E-4242-402B-8E64-03B082A80E29}.Debug|x86.ActiveCfg = Debug|Any CPU
		{F3D3FF1E-4242-402B-8E64-03B082A80E29}.Debug|x86.Build.0 = Debug|Any CPU
		{F3D3FF1E-4242-402B-8E64-03B082A80E29}.Release|Any CPU.ActiveCfg = Release|Any CPU
		{F3D3FF1E-4242-402B-8E64-03B082A80E29}.Release|Any CPU.Build.0 = Release|Any CPU
		{F3D3FF1E-4242-402B-8E64-03B082A80E29}.Release|x86.ActiveCfg = Release|Any CPU
		{F3D3FF1E-4242-402B-8E64-03B082A80E29}.Release|x86.Build.0 = Release|Any CPU
		{54C0C5CB-092A-49D0-BD6A-A777F6F9609E}.Debug|Any CPU.ActiveCfg = Debug|Any CPU
		{54C0C5CB-092A-49D0-BD6A-A777F6F9609E}.Debug|Any CPU.Build.0 = Debug|Any CPU
		{54C0C5CB-092A-49D0-BD6A-A777F6F9609E}.Debug|x86.ActiveCfg = Debug|Any CPU
		{54C0C5CB-092A-49D0-BD6A-A777F6F9609E}.Debug|x86.Build.0 = Debug|Any CPU
		{54C0C5CB-092A-49D0-BD6A-A777F6F9609E}.Release|Any CPU.ActiveCfg = Release|Any CPU
		{54C0C5CB-092A-49D0-BD6A-A777F6F9609E}.Release|Any CPU.Build.0 = Release|Any CPU
		{54C0C5CB-092A-49D0-BD6A-A777F6F9609E}.Release|x86.ActiveCfg = Release|Any CPU
		{54C0C5CB-092A-49D0-BD6A-A777F6F9609E}.Release|x86.Build.0 = Release|Any CPU
		{AF61FC13-C7EC-4F51-9EB6-91C3ECF16814}.Debug|Any CPU.ActiveCfg = Debug|Any CPU
		{AF61FC13-C7EC-4F51-9EB6-91C3ECF16814}.Debug|Any CPU.Build.0 = Debug|Any CPU
		{AF61FC13-C7EC-4F51-9EB6-91C3ECF16814}.Debug|x86.ActiveCfg = Debug|Any CPU
		{AF61FC13-C7EC-4F51-9EB6-91C3ECF16814}.Debug|x86.Build.0 = Debug|Any CPU
		{AF61FC13-C7EC-4F51-9EB6-91C3ECF16814}.Release|Any CPU.ActiveCfg = Release|Any CPU
		{AF61FC13-C7EC-4F51-9EB6-91C3ECF16814}.Release|Any CPU.Build.0 = Release|Any CPU
		{AF61FC13-C7EC-4F51-9EB6-91C3ECF16814}.Release|x86.ActiveCfg = Release|Any CPU
		{AF61FC13-C7EC-4F51-9EB6-91C3ECF16814}.Release|x86.Build.0 = Release|Any CPU
		{7B280E5F-ABA8-4AD5-A138-7B820FB10B3F}.Debug|Any CPU.ActiveCfg = Debug|Any CPU
		{7B280E5F-ABA8-4AD5-A138-7B820FB10B3F}.Debug|Any CPU.Build.0 = Debug|Any CPU
		{7B280E5F-ABA8-4AD5-A138-7B820FB10B3F}.Debug|x86.ActiveCfg = Debug|Any CPU
		{7B280E5F-ABA8-4AD5-A138-7B820FB10B3F}.Debug|x86.Build.0 = Debug|Any CPU
		{7B280E5F-ABA8-4AD5-A138-7B820FB10B3F}.Release|Any CPU.ActiveCfg = Release|Any CPU
		{7B280E5F-ABA8-4AD5-A138-7B820FB10B3F}.Release|Any CPU.Build.0 = Release|Any CPU
		{7B280E5F-ABA8-4AD5-A138-7B820FB10B3F}.Release|x86.ActiveCfg = Release|Any CPU
		{7B280E5F-ABA8-4AD5-A138-7B820FB10B3F}.Release|x86.Build.0 = Release|Any CPU
		{C7FFC6EA-0857-4AE2-9BA6-A0B775C2AC62}.Debug|Any CPU.ActiveCfg = Debug|Any CPU
		{C7FFC6EA-0857-4AE2-9BA6-A0B775C2AC62}.Debug|Any CPU.Build.0 = Debug|Any CPU
		{C7FFC6EA-0857-4AE2-9BA6-A0B775C2AC62}.Debug|x86.ActiveCfg = Debug|Any CPU
		{C7FFC6EA-0857-4AE2-9BA6-A0B775C2AC62}.Debug|x86.Build.0 = Debug|Any CPU
		{C7FFC6EA-0857-4AE2-9BA6-A0B775C2AC62}.Release|Any CPU.ActiveCfg = Release|Any CPU
		{C7FFC6EA-0857-4AE2-9BA6-A0B775C2AC62}.Release|Any CPU.Build.0 = Release|Any CPU
		{C7FFC6EA-0857-4AE2-9BA6-A0B775C2AC62}.Release|x86.ActiveCfg = Release|Any CPU
		{C7FFC6EA-0857-4AE2-9BA6-A0B775C2AC62}.Release|x86.Build.0 = Release|Any CPU
		{3DE757B1-4BE7-48E9-BF44-585AAC801D0F}.Debug|Any CPU.ActiveCfg = Debug|Any CPU
		{3DE757B1-4BE7-48E9-BF44-585AAC801D0F}.Debug|Any CPU.Build.0 = Debug|Any CPU
		{3DE757B1-4BE7-48E9-BF44-585AAC801D0F}.Debug|x86.ActiveCfg = Debug|Any CPU
		{3DE757B1-4BE7-48E9-BF44-585AAC801D0F}.Debug|x86.Build.0 = Debug|Any CPU
		{3DE757B1-4BE7-48E9-BF44-585AAC801D0F}.Release|Any CPU.ActiveCfg = Release|Any CPU
		{3DE757B1-4BE7-48E9-BF44-585AAC801D0F}.Release|Any CPU.Build.0 = Release|Any CPU
		{3DE757B1-4BE7-48E9-BF44-585AAC801D0F}.Release|x86.ActiveCfg = Release|Any CPU
		{3DE757B1-4BE7-48E9-BF44-585AAC801D0F}.Release|x86.Build.0 = Release|Any CPU
		{489BB790-226C-4FAD-8D1E-51D72A7FF8E5}.Debug|Any CPU.ActiveCfg = Debug|Any CPU
		{489BB790-226C-4FAD-8D1E-51D72A7FF8E5}.Debug|Any CPU.Build.0 = Debug|Any CPU
		{489BB790-226C-4FAD-8D1E-51D72A7FF8E5}.Debug|x86.ActiveCfg = Debug|Any CPU
		{489BB790-226C-4FAD-8D1E-51D72A7FF8E5}.Debug|x86.Build.0 = Debug|Any CPU
		{489BB790-226C-4FAD-8D1E-51D72A7FF8E5}.Release|Any CPU.ActiveCfg = Release|Any CPU
		{489BB790-226C-4FAD-8D1E-51D72A7FF8E5}.Release|Any CPU.Build.0 = Release|Any CPU
		{489BB790-226C-4FAD-8D1E-51D72A7FF8E5}.Release|x86.ActiveCfg = Release|Any CPU
		{489BB790-226C-4FAD-8D1E-51D72A7FF8E5}.Release|x86.Build.0 = Release|Any CPU
		{6DEFD084-3627-47DC-8FF9-438E155C82FE}.Debug|Any CPU.ActiveCfg = Debug|Any CPU
		{6DEFD084-3627-47DC-8FF9-438E155C82FE}.Debug|Any CPU.Build.0 = Debug|Any CPU
		{6DEFD084-3627-47DC-8FF9-438E155C82FE}.Debug|x86.ActiveCfg = Debug|Any CPU
		{6DEFD084-3627-47DC-8FF9-438E155C82FE}.Debug|x86.Build.0 = Debug|Any CPU
		{6DEFD084-3627-47DC-8FF9-438E155C82FE}.Release|Any CPU.ActiveCfg = Release|Any CPU
		{6DEFD084-3627-47DC-8FF9-438E155C82FE}.Release|Any CPU.Build.0 = Release|Any CPU
		{6DEFD084-3627-47DC-8FF9-438E155C82FE}.Release|x86.ActiveCfg = Release|Any CPU
		{6DEFD084-3627-47DC-8FF9-438E155C82FE}.Release|x86.Build.0 = Release|Any CPU
		{B79EAD11-E42D-4C37-BF3D-1CB6AC861719}.Debug|Any CPU.ActiveCfg = Debug|Any CPU
		{B79EAD11-E42D-4C37-BF3D-1CB6AC861719}.Debug|Any CPU.Build.0 = Debug|Any CPU
		{B79EAD11-E42D-4C37-BF3D-1CB6AC861719}.Debug|x86.ActiveCfg = Debug|Any CPU
		{B79EAD11-E42D-4C37-BF3D-1CB6AC861719}.Debug|x86.Build.0 = Debug|Any CPU
		{B79EAD11-E42D-4C37-BF3D-1CB6AC861719}.Release|Any CPU.ActiveCfg = Release|Any CPU
		{B79EAD11-E42D-4C37-BF3D-1CB6AC861719}.Release|Any CPU.Build.0 = Release|Any CPU
		{B79EAD11-E42D-4C37-BF3D-1CB6AC861719}.Release|x86.ActiveCfg = Release|Any CPU
		{B79EAD11-E42D-4C37-BF3D-1CB6AC861719}.Release|x86.Build.0 = Release|Any CPU
		{CFC089C9-6C04-4035-983B-13369B311EC7}.Debug|Any CPU.ActiveCfg = Debug|Any CPU
		{CFC089C9-6C04-4035-983B-13369B311EC7}.Debug|Any CPU.Build.0 = Debug|Any CPU
		{CFC089C9-6C04-4035-983B-13369B311EC7}.Debug|x86.ActiveCfg = Debug|Any CPU
		{CFC089C9-6C04-4035-983B-13369B311EC7}.Debug|x86.Build.0 = Debug|Any CPU
		{CFC089C9-6C04-4035-983B-13369B311EC7}.Release|Any CPU.ActiveCfg = Release|Any CPU
		{CFC089C9-6C04-4035-983B-13369B311EC7}.Release|Any CPU.Build.0 = Release|Any CPU
		{CFC089C9-6C04-4035-983B-13369B311EC7}.Release|x86.ActiveCfg = Release|Any CPU
		{CFC089C9-6C04-4035-983B-13369B311EC7}.Release|x86.Build.0 = Release|Any CPU
		{74F6CFD8-550C-44F1-B3E4-910E57F5B604}.Debug|Any CPU.ActiveCfg = Debug|Any CPU
		{74F6CFD8-550C-44F1-B3E4-910E57F5B604}.Debug|Any CPU.Build.0 = Debug|Any CPU
		{74F6CFD8-550C-44F1-B3E4-910E57F5B604}.Debug|x86.ActiveCfg = Debug|Any CPU
		{74F6CFD8-550C-44F1-B3E4-910E57F5B604}.Debug|x86.Build.0 = Debug|Any CPU
		{74F6CFD8-550C-44F1-B3E4-910E57F5B604}.Release|Any CPU.ActiveCfg = Release|Any CPU
		{74F6CFD8-550C-44F1-B3E4-910E57F5B604}.Release|Any CPU.Build.0 = Release|Any CPU
		{74F6CFD8-550C-44F1-B3E4-910E57F5B604}.Release|x86.ActiveCfg = Release|Any CPU
		{74F6CFD8-550C-44F1-B3E4-910E57F5B604}.Release|x86.Build.0 = Release|Any CPU
		{03FA4357-2435-4B4F-B956-D6EC454DF880}.Debug|Any CPU.ActiveCfg = Debug|Any CPU
		{03FA4357-2435-4B4F-B956-D6EC454DF880}.Debug|Any CPU.Build.0 = Debug|Any CPU
		{03FA4357-2435-4B4F-B956-D6EC454DF880}.Debug|x86.ActiveCfg = Debug|Any CPU
		{03FA4357-2435-4B4F-B956-D6EC454DF880}.Debug|x86.Build.0 = Debug|Any CPU
		{03FA4357-2435-4B4F-B956-D6EC454DF880}.Release|Any CPU.ActiveCfg = Release|Any CPU
		{03FA4357-2435-4B4F-B956-D6EC454DF880}.Release|Any CPU.Build.0 = Release|Any CPU
		{03FA4357-2435-4B4F-B956-D6EC454DF880}.Release|x86.ActiveCfg = Release|Any CPU
		{03FA4357-2435-4B4F-B956-D6EC454DF880}.Release|x86.Build.0 = Release|Any CPU
		{546E6400-8FB0-4642-B286-9CE2BF9F320A}.Debug|Any CPU.ActiveCfg = Debug|Any CPU
		{546E6400-8FB0-4642-B286-9CE2BF9F320A}.Debug|Any CPU.Build.0 = Debug|Any CPU
		{546E6400-8FB0-4642-B286-9CE2BF9F320A}.Debug|x86.ActiveCfg = Debug|Any CPU
		{546E6400-8FB0-4642-B286-9CE2BF9F320A}.Debug|x86.Build.0 = Debug|Any CPU
		{546E6400-8FB0-4642-B286-9CE2BF9F320A}.Release|Any CPU.ActiveCfg = Release|Any CPU
		{546E6400-8FB0-4642-B286-9CE2BF9F320A}.Release|Any CPU.Build.0 = Release|Any CPU
		{546E6400-8FB0-4642-B286-9CE2BF9F320A}.Release|x86.ActiveCfg = Release|Any CPU
		{546E6400-8FB0-4642-B286-9CE2BF9F320A}.Release|x86.Build.0 = Release|Any CPU
		{3B0C7EE3-9613-4864-B952-9796F185F01D}.Debug|Any CPU.ActiveCfg = Debug|Any CPU
		{3B0C7EE3-9613-4864-B952-9796F185F01D}.Debug|Any CPU.Build.0 = Debug|Any CPU
		{3B0C7EE3-9613-4864-B952-9796F185F01D}.Debug|x86.ActiveCfg = Debug|Any CPU
		{3B0C7EE3-9613-4864-B952-9796F185F01D}.Debug|x86.Build.0 = Debug|Any CPU
		{3B0C7EE3-9613-4864-B952-9796F185F01D}.Release|Any CPU.ActiveCfg = Release|Any CPU
		{3B0C7EE3-9613-4864-B952-9796F185F01D}.Release|Any CPU.Build.0 = Release|Any CPU
		{3B0C7EE3-9613-4864-B952-9796F185F01D}.Release|x86.ActiveCfg = Release|Any CPU
		{3B0C7EE3-9613-4864-B952-9796F185F01D}.Release|x86.Build.0 = Release|Any CPU
		{26D0277E-A471-424D-8CFB-D8B4CB784505}.Debug|Any CPU.ActiveCfg = Debug|Any CPU
		{26D0277E-A471-424D-8CFB-D8B4CB784505}.Debug|Any CPU.Build.0 = Debug|Any CPU
		{26D0277E-A471-424D-8CFB-D8B4CB784505}.Debug|x86.ActiveCfg = Debug|Any CPU
		{26D0277E-A471-424D-8CFB-D8B4CB784505}.Debug|x86.Build.0 = Debug|Any CPU
		{26D0277E-A471-424D-8CFB-D8B4CB784505}.Release|Any CPU.ActiveCfg = Release|Any CPU
		{26D0277E-A471-424D-8CFB-D8B4CB784505}.Release|Any CPU.Build.0 = Release|Any CPU
		{26D0277E-A471-424D-8CFB-D8B4CB784505}.Release|x86.ActiveCfg = Release|Any CPU
		{26D0277E-A471-424D-8CFB-D8B4CB784505}.Release|x86.Build.0 = Release|Any CPU
		{491C0AE8-EDB9-4266-B0E6-1E0C4DE1F458}.Debug|Any CPU.ActiveCfg = Debug|Any CPU
		{491C0AE8-EDB9-4266-B0E6-1E0C4DE1F458}.Debug|Any CPU.Build.0 = Debug|Any CPU
		{491C0AE8-EDB9-4266-B0E6-1E0C4DE1F458}.Debug|x86.ActiveCfg = Debug|Any CPU
		{491C0AE8-EDB9-4266-B0E6-1E0C4DE1F458}.Debug|x86.Build.0 = Debug|Any CPU
		{491C0AE8-EDB9-4266-B0E6-1E0C4DE1F458}.Release|Any CPU.ActiveCfg = Release|Any CPU
		{491C0AE8-EDB9-4266-B0E6-1E0C4DE1F458}.Release|Any CPU.Build.0 = Release|Any CPU
		{491C0AE8-EDB9-4266-B0E6-1E0C4DE1F458}.Release|x86.ActiveCfg = Release|Any CPU
		{491C0AE8-EDB9-4266-B0E6-1E0C4DE1F458}.Release|x86.Build.0 = Release|Any CPU
		{B8016EA9-B183-4023-A038-EA6E4657AF6D}.Debug|Any CPU.ActiveCfg = Debug|Any CPU
		{B8016EA9-B183-4023-A038-EA6E4657AF6D}.Debug|Any CPU.Build.0 = Debug|Any CPU
		{B8016EA9-B183-4023-A038-EA6E4657AF6D}.Debug|x86.ActiveCfg = Debug|Any CPU
		{B8016EA9-B183-4023-A038-EA6E4657AF6D}.Debug|x86.Build.0 = Debug|Any CPU
		{B8016EA9-B183-4023-A038-EA6E4657AF6D}.Release|Any CPU.ActiveCfg = Release|Any CPU
		{B8016EA9-B183-4023-A038-EA6E4657AF6D}.Release|Any CPU.Build.0 = Release|Any CPU
		{B8016EA9-B183-4023-A038-EA6E4657AF6D}.Release|x86.ActiveCfg = Release|Any CPU
		{B8016EA9-B183-4023-A038-EA6E4657AF6D}.Release|x86.Build.0 = Release|Any CPU
		{ABE090D3-C134-47FE-8573-F85A48386D56}.Debug|Any CPU.ActiveCfg = Debug|Any CPU
		{ABE090D3-C134-47FE-8573-F85A48386D56}.Debug|Any CPU.Build.0 = Debug|Any CPU
		{ABE090D3-C134-47FE-8573-F85A48386D56}.Debug|x86.ActiveCfg = Debug|Any CPU
		{ABE090D3-C134-47FE-8573-F85A48386D56}.Debug|x86.Build.0 = Debug|Any CPU
		{ABE090D3-C134-47FE-8573-F85A48386D56}.Release|Any CPU.ActiveCfg = Release|Any CPU
		{ABE090D3-C134-47FE-8573-F85A48386D56}.Release|Any CPU.Build.0 = Release|Any CPU
		{ABE090D3-C134-47FE-8573-F85A48386D56}.Release|x86.ActiveCfg = Release|Any CPU
		{ABE090D3-C134-47FE-8573-F85A48386D56}.Release|x86.Build.0 = Release|Any CPU
		{6DD4C9C1-F2F1-48BD-94F6-1A4F0DC2217C}.Debug|Any CPU.ActiveCfg = Debug|Any CPU
		{6DD4C9C1-F2F1-48BD-94F6-1A4F0DC2217C}.Debug|Any CPU.Build.0 = Debug|Any CPU
		{6DD4C9C1-F2F1-48BD-94F6-1A4F0DC2217C}.Debug|x86.ActiveCfg = Debug|Any CPU
		{6DD4C9C1-F2F1-48BD-94F6-1A4F0DC2217C}.Debug|x86.Build.0 = Debug|Any CPU
		{6DD4C9C1-F2F1-48BD-94F6-1A4F0DC2217C}.Release|Any CPU.ActiveCfg = Release|Any CPU
		{6DD4C9C1-F2F1-48BD-94F6-1A4F0DC2217C}.Release|Any CPU.Build.0 = Release|Any CPU
		{6DD4C9C1-F2F1-48BD-94F6-1A4F0DC2217C}.Release|x86.ActiveCfg = Release|Any CPU
		{6DD4C9C1-F2F1-48BD-94F6-1A4F0DC2217C}.Release|x86.Build.0 = Release|Any CPU
		{30AF00B3-B30C-4A6C-8DE5-089126BBCFFC}.Debug|Any CPU.ActiveCfg = Debug|Any CPU
		{30AF00B3-B30C-4A6C-8DE5-089126BBCFFC}.Debug|Any CPU.Build.0 = Debug|Any CPU
		{30AF00B3-B30C-4A6C-8DE5-089126BBCFFC}.Debug|x86.ActiveCfg = Debug|Any CPU
		{30AF00B3-B30C-4A6C-8DE5-089126BBCFFC}.Debug|x86.Build.0 = Debug|Any CPU
		{30AF00B3-B30C-4A6C-8DE5-089126BBCFFC}.Release|Any CPU.ActiveCfg = Release|Any CPU
		{30AF00B3-B30C-4A6C-8DE5-089126BBCFFC}.Release|Any CPU.Build.0 = Release|Any CPU
		{30AF00B3-B30C-4A6C-8DE5-089126BBCFFC}.Release|x86.ActiveCfg = Release|Any CPU
		{30AF00B3-B30C-4A6C-8DE5-089126BBCFFC}.Release|x86.Build.0 = Release|Any CPU
		{B9530735-191F-42BB-83D0-329D3072EA4B}.Debug|Any CPU.ActiveCfg = Debug|Any CPU
		{B9530735-191F-42BB-83D0-329D3072EA4B}.Debug|Any CPU.Build.0 = Debug|Any CPU
		{B9530735-191F-42BB-83D0-329D3072EA4B}.Debug|x86.ActiveCfg = Debug|Any CPU
		{B9530735-191F-42BB-83D0-329D3072EA4B}.Debug|x86.Build.0 = Debug|Any CPU
		{B9530735-191F-42BB-83D0-329D3072EA4B}.Release|Any CPU.ActiveCfg = Release|Any CPU
		{B9530735-191F-42BB-83D0-329D3072EA4B}.Release|Any CPU.Build.0 = Release|Any CPU
		{B9530735-191F-42BB-83D0-329D3072EA4B}.Release|x86.ActiveCfg = Release|Any CPU
		{B9530735-191F-42BB-83D0-329D3072EA4B}.Release|x86.Build.0 = Release|Any CPU
		{DA40E644-5B21-4406-A264-4408112EED75}.Debug|Any CPU.ActiveCfg = Debug|Any CPU
		{DA40E644-5B21-4406-A264-4408112EED75}.Debug|Any CPU.Build.0 = Debug|Any CPU
		{DA40E644-5B21-4406-A264-4408112EED75}.Debug|x86.ActiveCfg = Debug|Any CPU
		{DA40E644-5B21-4406-A264-4408112EED75}.Debug|x86.Build.0 = Debug|Any CPU
		{DA40E644-5B21-4406-A264-4408112EED75}.Release|Any CPU.ActiveCfg = Release|Any CPU
		{DA40E644-5B21-4406-A264-4408112EED75}.Release|Any CPU.Build.0 = Release|Any CPU
		{DA40E644-5B21-4406-A264-4408112EED75}.Release|x86.ActiveCfg = Release|Any CPU
		{DA40E644-5B21-4406-A264-4408112EED75}.Release|x86.Build.0 = Release|Any CPU
		{588C1BEE-2456-43CE-A0E3-7E0A5C667830}.Debug|Any CPU.ActiveCfg = Debug|Any CPU
		{588C1BEE-2456-43CE-A0E3-7E0A5C667830}.Debug|Any CPU.Build.0 = Debug|Any CPU
		{588C1BEE-2456-43CE-A0E3-7E0A5C667830}.Debug|x86.ActiveCfg = Debug|Any CPU
		{588C1BEE-2456-43CE-A0E3-7E0A5C667830}.Debug|x86.Build.0 = Debug|Any CPU
		{588C1BEE-2456-43CE-A0E3-7E0A5C667830}.Release|Any CPU.ActiveCfg = Release|Any CPU
		{588C1BEE-2456-43CE-A0E3-7E0A5C667830}.Release|Any CPU.Build.0 = Release|Any CPU
		{588C1BEE-2456-43CE-A0E3-7E0A5C667830}.Release|x86.ActiveCfg = Release|Any CPU
		{588C1BEE-2456-43CE-A0E3-7E0A5C667830}.Release|x86.Build.0 = Release|Any CPU
		{8C377CB8-0E6C-4FAE-89F6-3C48119D66E1}.Debug|Any CPU.ActiveCfg = Debug|Any CPU
		{8C377CB8-0E6C-4FAE-89F6-3C48119D66E1}.Debug|Any CPU.Build.0 = Debug|Any CPU
		{8C377CB8-0E6C-4FAE-89F6-3C48119D66E1}.Debug|x86.ActiveCfg = Debug|Any CPU
		{8C377CB8-0E6C-4FAE-89F6-3C48119D66E1}.Debug|x86.Build.0 = Debug|Any CPU
		{8C377CB8-0E6C-4FAE-89F6-3C48119D66E1}.Release|Any CPU.ActiveCfg = Release|Any CPU
		{8C377CB8-0E6C-4FAE-89F6-3C48119D66E1}.Release|Any CPU.Build.0 = Release|Any CPU
		{8C377CB8-0E6C-4FAE-89F6-3C48119D66E1}.Release|x86.ActiveCfg = Release|Any CPU
		{8C377CB8-0E6C-4FAE-89F6-3C48119D66E1}.Release|x86.Build.0 = Release|Any CPU
		{A507487E-452B-402C-ACB5-B0BBD2DAE4A8}.Debug|Any CPU.ActiveCfg = Debug|Any CPU
		{A507487E-452B-402C-ACB5-B0BBD2DAE4A8}.Debug|Any CPU.Build.0 = Debug|Any CPU
		{A507487E-452B-402C-ACB5-B0BBD2DAE4A8}.Debug|x86.ActiveCfg = Debug|Any CPU
		{A507487E-452B-402C-ACB5-B0BBD2DAE4A8}.Debug|x86.Build.0 = Debug|Any CPU
		{A507487E-452B-402C-ACB5-B0BBD2DAE4A8}.Release|Any CPU.ActiveCfg = Release|Any CPU
		{A507487E-452B-402C-ACB5-B0BBD2DAE4A8}.Release|Any CPU.Build.0 = Release|Any CPU
		{A507487E-452B-402C-ACB5-B0BBD2DAE4A8}.Release|x86.ActiveCfg = Release|Any CPU
		{A507487E-452B-402C-ACB5-B0BBD2DAE4A8}.Release|x86.Build.0 = Release|Any CPU
		{D6E16F81-E963-4F66-A426-2C85E519C7EA}.Debug|Any CPU.ActiveCfg = Debug|Any CPU
		{D6E16F81-E963-4F66-A426-2C85E519C7EA}.Debug|Any CPU.Build.0 = Debug|Any CPU
		{D6E16F81-E963-4F66-A426-2C85E519C7EA}.Debug|x86.ActiveCfg = Debug|Any CPU
		{D6E16F81-E963-4F66-A426-2C85E519C7EA}.Debug|x86.Build.0 = Debug|Any CPU
		{D6E16F81-E963-4F66-A426-2C85E519C7EA}.Release|Any CPU.ActiveCfg = Release|Any CPU
		{D6E16F81-E963-4F66-A426-2C85E519C7EA}.Release|Any CPU.Build.0 = Release|Any CPU
		{D6E16F81-E963-4F66-A426-2C85E519C7EA}.Release|x86.ActiveCfg = Release|Any CPU
		{D6E16F81-E963-4F66-A426-2C85E519C7EA}.Release|x86.Build.0 = Release|Any CPU
		{C3B3A5A5-E733-40F3-BF5F-BA7A047A6D1F}.Debug|Any CPU.ActiveCfg = Debug|Any CPU
		{C3B3A5A5-E733-40F3-BF5F-BA7A047A6D1F}.Debug|Any CPU.Build.0 = Debug|Any CPU
		{C3B3A5A5-E733-40F3-BF5F-BA7A047A6D1F}.Debug|x86.ActiveCfg = Debug|Any CPU
		{C3B3A5A5-E733-40F3-BF5F-BA7A047A6D1F}.Debug|x86.Build.0 = Debug|Any CPU
		{C3B3A5A5-E733-40F3-BF5F-BA7A047A6D1F}.Release|Any CPU.ActiveCfg = Release|Any CPU
		{C3B3A5A5-E733-40F3-BF5F-BA7A047A6D1F}.Release|Any CPU.Build.0 = Release|Any CPU
		{C3B3A5A5-E733-40F3-BF5F-BA7A047A6D1F}.Release|x86.ActiveCfg = Release|Any CPU
		{C3B3A5A5-E733-40F3-BF5F-BA7A047A6D1F}.Release|x86.Build.0 = Release|Any CPU
		{B8473857-0BAE-40B0-9DC1-17D113C8FCF5}.Debug|Any CPU.ActiveCfg = Debug|Any CPU
		{B8473857-0BAE-40B0-9DC1-17D113C8FCF5}.Debug|Any CPU.Build.0 = Debug|Any CPU
		{B8473857-0BAE-40B0-9DC1-17D113C8FCF5}.Debug|x86.ActiveCfg = Debug|Any CPU
		{B8473857-0BAE-40B0-9DC1-17D113C8FCF5}.Debug|x86.Build.0 = Debug|Any CPU
		{B8473857-0BAE-40B0-9DC1-17D113C8FCF5}.Release|Any CPU.ActiveCfg = Release|Any CPU
		{B8473857-0BAE-40B0-9DC1-17D113C8FCF5}.Release|Any CPU.Build.0 = Release|Any CPU
		{B8473857-0BAE-40B0-9DC1-17D113C8FCF5}.Release|x86.ActiveCfg = Release|Any CPU
		{B8473857-0BAE-40B0-9DC1-17D113C8FCF5}.Release|x86.Build.0 = Release|Any CPU
		{5A98F180-39A3-4FF1-860F-01AEB2D90A1C}.Debug|Any CPU.ActiveCfg = Debug|Any CPU
		{5A98F180-39A3-4FF1-860F-01AEB2D90A1C}.Debug|Any CPU.Build.0 = Debug|Any CPU
		{5A98F180-39A3-4FF1-860F-01AEB2D90A1C}.Debug|x86.ActiveCfg = Debug|Any CPU
		{5A98F180-39A3-4FF1-860F-01AEB2D90A1C}.Debug|x86.Build.0 = Debug|Any CPU
		{5A98F180-39A3-4FF1-860F-01AEB2D90A1C}.Release|Any CPU.ActiveCfg = Release|Any CPU
		{5A98F180-39A3-4FF1-860F-01AEB2D90A1C}.Release|Any CPU.Build.0 = Release|Any CPU
		{5A98F180-39A3-4FF1-860F-01AEB2D90A1C}.Release|x86.ActiveCfg = Release|Any CPU
		{5A98F180-39A3-4FF1-860F-01AEB2D90A1C}.Release|x86.Build.0 = Release|Any CPU
		{4AFDA95F-75B3-43A6-929B-21C736680FF1}.Debug|Any CPU.ActiveCfg = Debug|Any CPU
		{4AFDA95F-75B3-43A6-929B-21C736680FF1}.Debug|Any CPU.Build.0 = Debug|Any CPU
		{4AFDA95F-75B3-43A6-929B-21C736680FF1}.Debug|x86.ActiveCfg = Debug|Any CPU
		{4AFDA95F-75B3-43A6-929B-21C736680FF1}.Debug|x86.Build.0 = Debug|Any CPU
		{4AFDA95F-75B3-43A6-929B-21C736680FF1}.Release|Any CPU.ActiveCfg = Release|Any CPU
		{4AFDA95F-75B3-43A6-929B-21C736680FF1}.Release|Any CPU.Build.0 = Release|Any CPU
		{4AFDA95F-75B3-43A6-929B-21C736680FF1}.Release|x86.ActiveCfg = Release|Any CPU
		{4AFDA95F-75B3-43A6-929B-21C736680FF1}.Release|x86.Build.0 = Release|Any CPU
		{B7C06EE4-6B7E-40D4-91D9-5B6D2D2E3072}.Debug|Any CPU.ActiveCfg = Debug|Any CPU
		{B7C06EE4-6B7E-40D4-91D9-5B6D2D2E3072}.Debug|Any CPU.Build.0 = Debug|Any CPU
		{B7C06EE4-6B7E-40D4-91D9-5B6D2D2E3072}.Debug|x86.ActiveCfg = Debug|Any CPU
		{B7C06EE4-6B7E-40D4-91D9-5B6D2D2E3072}.Debug|x86.Build.0 = Debug|Any CPU
		{B7C06EE4-6B7E-40D4-91D9-5B6D2D2E3072}.Release|Any CPU.ActiveCfg = Release|Any CPU
		{B7C06EE4-6B7E-40D4-91D9-5B6D2D2E3072}.Release|Any CPU.Build.0 = Release|Any CPU
		{B7C06EE4-6B7E-40D4-91D9-5B6D2D2E3072}.Release|x86.ActiveCfg = Release|Any CPU
		{B7C06EE4-6B7E-40D4-91D9-5B6D2D2E3072}.Release|x86.Build.0 = Release|Any CPU
		{2D91F5B2-EA61-410A-9984-DA11AD4DF4BA}.Debug|Any CPU.ActiveCfg = Debug|Any CPU
		{2D91F5B2-EA61-410A-9984-DA11AD4DF4BA}.Debug|Any CPU.Build.0 = Debug|Any CPU
		{2D91F5B2-EA61-410A-9984-DA11AD4DF4BA}.Debug|x86.ActiveCfg = Debug|Any CPU
		{2D91F5B2-EA61-410A-9984-DA11AD4DF4BA}.Debug|x86.Build.0 = Debug|Any CPU
		{2D91F5B2-EA61-410A-9984-DA11AD4DF4BA}.Release|Any CPU.ActiveCfg = Release|Any CPU
		{2D91F5B2-EA61-410A-9984-DA11AD4DF4BA}.Release|Any CPU.Build.0 = Release|Any CPU
		{2D91F5B2-EA61-410A-9984-DA11AD4DF4BA}.Release|x86.ActiveCfg = Release|Any CPU
		{2D91F5B2-EA61-410A-9984-DA11AD4DF4BA}.Release|x86.Build.0 = Release|Any CPU
		{062A52E2-E67B-4BA3-8FD1-E781422ABFDF}.Debug|Any CPU.ActiveCfg = Debug|Any CPU
		{062A52E2-E67B-4BA3-8FD1-E781422ABFDF}.Debug|Any CPU.Build.0 = Debug|Any CPU
		{062A52E2-E67B-4BA3-8FD1-E781422ABFDF}.Debug|x86.ActiveCfg = Debug|Any CPU
		{062A52E2-E67B-4BA3-8FD1-E781422ABFDF}.Debug|x86.Build.0 = Debug|Any CPU
		{062A52E2-E67B-4BA3-8FD1-E781422ABFDF}.Release|Any CPU.ActiveCfg = Release|Any CPU
		{062A52E2-E67B-4BA3-8FD1-E781422ABFDF}.Release|Any CPU.Build.0 = Release|Any CPU
		{062A52E2-E67B-4BA3-8FD1-E781422ABFDF}.Release|x86.ActiveCfg = Release|Any CPU
		{062A52E2-E67B-4BA3-8FD1-E781422ABFDF}.Release|x86.Build.0 = Release|Any CPU
		{27DE9997-344E-4AEF-8937-90595653FC78}.Debug|Any CPU.ActiveCfg = Debug|Any CPU
		{27DE9997-344E-4AEF-8937-90595653FC78}.Debug|Any CPU.Build.0 = Debug|Any CPU
		{27DE9997-344E-4AEF-8937-90595653FC78}.Debug|x86.ActiveCfg = Debug|Any CPU
		{27DE9997-344E-4AEF-8937-90595653FC78}.Debug|x86.Build.0 = Debug|Any CPU
		{27DE9997-344E-4AEF-8937-90595653FC78}.Release|Any CPU.ActiveCfg = Release|Any CPU
		{27DE9997-344E-4AEF-8937-90595653FC78}.Release|Any CPU.Build.0 = Release|Any CPU
		{27DE9997-344E-4AEF-8937-90595653FC78}.Release|x86.ActiveCfg = Release|Any CPU
		{27DE9997-344E-4AEF-8937-90595653FC78}.Release|x86.Build.0 = Release|Any CPU
		{379A6CD7-976C-4E52-B793-5EBC55AE03A3}.Debug|Any CPU.ActiveCfg = Debug|Any CPU
		{379A6CD7-976C-4E52-B793-5EBC55AE03A3}.Debug|Any CPU.Build.0 = Debug|Any CPU
		{379A6CD7-976C-4E52-B793-5EBC55AE03A3}.Debug|x86.ActiveCfg = Debug|Any CPU
		{379A6CD7-976C-4E52-B793-5EBC55AE03A3}.Debug|x86.Build.0 = Debug|Any CPU
		{379A6CD7-976C-4E52-B793-5EBC55AE03A3}.Release|Any CPU.ActiveCfg = Release|Any CPU
		{379A6CD7-976C-4E52-B793-5EBC55AE03A3}.Release|Any CPU.Build.0 = Release|Any CPU
		{379A6CD7-976C-4E52-B793-5EBC55AE03A3}.Release|x86.ActiveCfg = Release|Any CPU
		{379A6CD7-976C-4E52-B793-5EBC55AE03A3}.Release|x86.Build.0 = Release|Any CPU
		{2A19844C-4E85-45AF-AABF-570943C63053}.Debug|Any CPU.ActiveCfg = Debug|Any CPU
		{2A19844C-4E85-45AF-AABF-570943C63053}.Debug|Any CPU.Build.0 = Debug|Any CPU
		{2A19844C-4E85-45AF-AABF-570943C63053}.Debug|x86.ActiveCfg = Debug|Any CPU
		{2A19844C-4E85-45AF-AABF-570943C63053}.Debug|x86.Build.0 = Debug|Any CPU
		{2A19844C-4E85-45AF-AABF-570943C63053}.Release|Any CPU.ActiveCfg = Release|Any CPU
		{2A19844C-4E85-45AF-AABF-570943C63053}.Release|Any CPU.Build.0 = Release|Any CPU
		{2A19844C-4E85-45AF-AABF-570943C63053}.Release|x86.ActiveCfg = Release|Any CPU
		{2A19844C-4E85-45AF-AABF-570943C63053}.Release|x86.Build.0 = Release|Any CPU
		{2E1AF06D-4543-4D11-910D-35CC53890F7B}.Debug|Any CPU.ActiveCfg = Debug|Any CPU
		{2E1AF06D-4543-4D11-910D-35CC53890F7B}.Debug|Any CPU.Build.0 = Debug|Any CPU
		{2E1AF06D-4543-4D11-910D-35CC53890F7B}.Debug|x86.ActiveCfg = Debug|Any CPU
		{2E1AF06D-4543-4D11-910D-35CC53890F7B}.Debug|x86.Build.0 = Debug|Any CPU
		{2E1AF06D-4543-4D11-910D-35CC53890F7B}.Release|Any CPU.ActiveCfg = Release|Any CPU
		{2E1AF06D-4543-4D11-910D-35CC53890F7B}.Release|Any CPU.Build.0 = Release|Any CPU
		{2E1AF06D-4543-4D11-910D-35CC53890F7B}.Release|x86.ActiveCfg = Release|Any CPU
		{2E1AF06D-4543-4D11-910D-35CC53890F7B}.Release|x86.Build.0 = Release|Any CPU
		{761F0066-611A-46D1-AE29-1EB92F051CD4}.Debug|Any CPU.ActiveCfg = Debug|Any CPU
		{761F0066-611A-46D1-AE29-1EB92F051CD4}.Debug|Any CPU.Build.0 = Debug|Any CPU
		{761F0066-611A-46D1-AE29-1EB92F051CD4}.Debug|x86.ActiveCfg = Debug|Any CPU
		{761F0066-611A-46D1-AE29-1EB92F051CD4}.Debug|x86.Build.0 = Debug|Any CPU
		{761F0066-611A-46D1-AE29-1EB92F051CD4}.Release|Any CPU.ActiveCfg = Release|Any CPU
		{761F0066-611A-46D1-AE29-1EB92F051CD4}.Release|Any CPU.Build.0 = Release|Any CPU
		{761F0066-611A-46D1-AE29-1EB92F051CD4}.Release|x86.ActiveCfg = Release|Any CPU
		{761F0066-611A-46D1-AE29-1EB92F051CD4}.Release|x86.Build.0 = Release|Any CPU
		{64F99E30-59CC-494D-81AE-82D6230A29AB}.Debug|Any CPU.ActiveCfg = Debug|Any CPU
		{64F99E30-59CC-494D-81AE-82D6230A29AB}.Debug|Any CPU.Build.0 = Debug|Any CPU
		{64F99E30-59CC-494D-81AE-82D6230A29AB}.Debug|x86.ActiveCfg = Debug|Any CPU
		{64F99E30-59CC-494D-81AE-82D6230A29AB}.Debug|x86.Build.0 = Debug|Any CPU
		{64F99E30-59CC-494D-81AE-82D6230A29AB}.Release|Any CPU.ActiveCfg = Release|Any CPU
		{64F99E30-59CC-494D-81AE-82D6230A29AB}.Release|Any CPU.Build.0 = Release|Any CPU
		{64F99E30-59CC-494D-81AE-82D6230A29AB}.Release|x86.ActiveCfg = Release|Any CPU
		{64F99E30-59CC-494D-81AE-82D6230A29AB}.Release|x86.Build.0 = Release|Any CPU
		{E9CC40AA-6614-4BCD-9DF1-B2DADCE6DF19}.Debug|Any CPU.ActiveCfg = Debug|Any CPU
		{E9CC40AA-6614-4BCD-9DF1-B2DADCE6DF19}.Debug|Any CPU.Build.0 = Debug|Any CPU
		{E9CC40AA-6614-4BCD-9DF1-B2DADCE6DF19}.Debug|x86.ActiveCfg = Debug|Any CPU
		{E9CC40AA-6614-4BCD-9DF1-B2DADCE6DF19}.Debug|x86.Build.0 = Debug|Any CPU
		{E9CC40AA-6614-4BCD-9DF1-B2DADCE6DF19}.Release|Any CPU.ActiveCfg = Release|Any CPU
		{E9CC40AA-6614-4BCD-9DF1-B2DADCE6DF19}.Release|Any CPU.Build.0 = Release|Any CPU
		{E9CC40AA-6614-4BCD-9DF1-B2DADCE6DF19}.Release|x86.ActiveCfg = Release|Any CPU
		{E9CC40AA-6614-4BCD-9DF1-B2DADCE6DF19}.Release|x86.Build.0 = Release|Any CPU
		{C4C9D37B-0E15-4B1E-A5DA-8A49EAD9AC39}.Debug|Any CPU.ActiveCfg = Debug|Any CPU
		{C4C9D37B-0E15-4B1E-A5DA-8A49EAD9AC39}.Debug|Any CPU.Build.0 = Debug|Any CPU
		{C4C9D37B-0E15-4B1E-A5DA-8A49EAD9AC39}.Debug|x86.ActiveCfg = Debug|Any CPU
		{C4C9D37B-0E15-4B1E-A5DA-8A49EAD9AC39}.Debug|x86.Build.0 = Debug|Any CPU
		{C4C9D37B-0E15-4B1E-A5DA-8A49EAD9AC39}.Release|Any CPU.ActiveCfg = Release|Any CPU
		{C4C9D37B-0E15-4B1E-A5DA-8A49EAD9AC39}.Release|Any CPU.Build.0 = Release|Any CPU
		{C4C9D37B-0E15-4B1E-A5DA-8A49EAD9AC39}.Release|x86.ActiveCfg = Release|Any CPU
		{C4C9D37B-0E15-4B1E-A5DA-8A49EAD9AC39}.Release|x86.Build.0 = Release|Any CPU
		{AEDCBF84-FDB3-4ECD-8D6F-3A05E17516A9}.Debug|Any CPU.ActiveCfg = Debug|Any CPU
		{AEDCBF84-FDB3-4ECD-8D6F-3A05E17516A9}.Debug|Any CPU.Build.0 = Debug|Any CPU
		{AEDCBF84-FDB3-4ECD-8D6F-3A05E17516A9}.Debug|x86.ActiveCfg = Debug|Any CPU
		{AEDCBF84-FDB3-4ECD-8D6F-3A05E17516A9}.Debug|x86.Build.0 = Debug|Any CPU
		{AEDCBF84-FDB3-4ECD-8D6F-3A05E17516A9}.Release|Any CPU.ActiveCfg = Release|Any CPU
		{AEDCBF84-FDB3-4ECD-8D6F-3A05E17516A9}.Release|Any CPU.Build.0 = Release|Any CPU
		{AEDCBF84-FDB3-4ECD-8D6F-3A05E17516A9}.Release|x86.ActiveCfg = Release|Any CPU
		{AEDCBF84-FDB3-4ECD-8D6F-3A05E17516A9}.Release|x86.Build.0 = Release|Any CPU
		{4043AD18-DE2F-4505-A3FC-0BC1A62FC497}.Debug|Any CPU.ActiveCfg = Debug|Any CPU
		{4043AD18-DE2F-4505-A3FC-0BC1A62FC497}.Debug|Any CPU.Build.0 = Debug|Any CPU
		{4043AD18-DE2F-4505-A3FC-0BC1A62FC497}.Debug|x86.ActiveCfg = Debug|Any CPU
		{4043AD18-DE2F-4505-A3FC-0BC1A62FC497}.Debug|x86.Build.0 = Debug|Any CPU
		{4043AD18-DE2F-4505-A3FC-0BC1A62FC497}.Release|Any CPU.ActiveCfg = Release|Any CPU
		{4043AD18-DE2F-4505-A3FC-0BC1A62FC497}.Release|Any CPU.Build.0 = Release|Any CPU
		{4043AD18-DE2F-4505-A3FC-0BC1A62FC497}.Release|x86.ActiveCfg = Release|Any CPU
		{4043AD18-DE2F-4505-A3FC-0BC1A62FC497}.Release|x86.Build.0 = Release|Any CPU
		{89BEBCE2-4591-431B-8975-E5BEF3084444}.Debug|Any CPU.ActiveCfg = Debug|Any CPU
		{89BEBCE2-4591-431B-8975-E5BEF3084444}.Debug|Any CPU.Build.0 = Debug|Any CPU
		{89BEBCE2-4591-431B-8975-E5BEF3084444}.Debug|x86.ActiveCfg = Debug|Any CPU
		{89BEBCE2-4591-431B-8975-E5BEF3084444}.Debug|x86.Build.0 = Debug|Any CPU
		{89BEBCE2-4591-431B-8975-E5BEF3084444}.Release|Any CPU.ActiveCfg = Release|Any CPU
		{89BEBCE2-4591-431B-8975-E5BEF3084444}.Release|Any CPU.Build.0 = Release|Any CPU
		{89BEBCE2-4591-431B-8975-E5BEF3084444}.Release|x86.ActiveCfg = Release|Any CPU
		{89BEBCE2-4591-431B-8975-E5BEF3084444}.Release|x86.Build.0 = Release|Any CPU
		{FDB919DF-9153-4871-B246-4BF76DC7CFC0}.Debug|Any CPU.ActiveCfg = Debug|Any CPU
		{FDB919DF-9153-4871-B246-4BF76DC7CFC0}.Debug|Any CPU.Build.0 = Debug|Any CPU
		{FDB919DF-9153-4871-B246-4BF76DC7CFC0}.Debug|x86.ActiveCfg = Debug|Any CPU
		{FDB919DF-9153-4871-B246-4BF76DC7CFC0}.Debug|x86.Build.0 = Debug|Any CPU
		{FDB919DF-9153-4871-B246-4BF76DC7CFC0}.Release|Any CPU.ActiveCfg = Release|Any CPU
		{FDB919DF-9153-4871-B246-4BF76DC7CFC0}.Release|Any CPU.Build.0 = Release|Any CPU
		{FDB919DF-9153-4871-B246-4BF76DC7CFC0}.Release|x86.ActiveCfg = Release|Any CPU
		{FDB919DF-9153-4871-B246-4BF76DC7CFC0}.Release|x86.Build.0 = Release|Any CPU
		{3753F4C6-50EC-4132-8A62-0530D4B8FF9B}.Debug|Any CPU.ActiveCfg = Debug|Any CPU
		{3753F4C6-50EC-4132-8A62-0530D4B8FF9B}.Debug|Any CPU.Build.0 = Debug|Any CPU
		{3753F4C6-50EC-4132-8A62-0530D4B8FF9B}.Debug|x86.ActiveCfg = Debug|Any CPU
		{3753F4C6-50EC-4132-8A62-0530D4B8FF9B}.Debug|x86.Build.0 = Debug|Any CPU
		{3753F4C6-50EC-4132-8A62-0530D4B8FF9B}.Release|Any CPU.ActiveCfg = Release|Any CPU
		{3753F4C6-50EC-4132-8A62-0530D4B8FF9B}.Release|Any CPU.Build.0 = Release|Any CPU
		{3753F4C6-50EC-4132-8A62-0530D4B8FF9B}.Release|x86.ActiveCfg = Release|Any CPU
		{3753F4C6-50EC-4132-8A62-0530D4B8FF9B}.Release|x86.Build.0 = Release|Any CPU
		{3FC9C834-5596-43FB-BB48-2D6DC83E57FC}.Debug|Any CPU.ActiveCfg = Debug|Any CPU
		{3FC9C834-5596-43FB-BB48-2D6DC83E57FC}.Debug|Any CPU.Build.0 = Debug|Any CPU
		{3FC9C834-5596-43FB-BB48-2D6DC83E57FC}.Debug|x86.ActiveCfg = Debug|Any CPU
		{3FC9C834-5596-43FB-BB48-2D6DC83E57FC}.Debug|x86.Build.0 = Debug|Any CPU
		{3FC9C834-5596-43FB-BB48-2D6DC83E57FC}.Release|Any CPU.ActiveCfg = Release|Any CPU
		{3FC9C834-5596-43FB-BB48-2D6DC83E57FC}.Release|Any CPU.Build.0 = Release|Any CPU
		{3FC9C834-5596-43FB-BB48-2D6DC83E57FC}.Release|x86.ActiveCfg = Release|Any CPU
		{3FC9C834-5596-43FB-BB48-2D6DC83E57FC}.Release|x86.Build.0 = Release|Any CPU
		{ABB7639E-8970-412A-88C3-61B822F07172}.Debug|Any CPU.ActiveCfg = Debug|Any CPU
		{ABB7639E-8970-412A-88C3-61B822F07172}.Debug|Any CPU.Build.0 = Debug|Any CPU
		{ABB7639E-8970-412A-88C3-61B822F07172}.Debug|x86.ActiveCfg = Debug|Any CPU
		{ABB7639E-8970-412A-88C3-61B822F07172}.Debug|x86.Build.0 = Debug|Any CPU
		{ABB7639E-8970-412A-88C3-61B822F07172}.Release|Any CPU.ActiveCfg = Release|Any CPU
		{ABB7639E-8970-412A-88C3-61B822F07172}.Release|Any CPU.Build.0 = Release|Any CPU
		{ABB7639E-8970-412A-88C3-61B822F07172}.Release|x86.ActiveCfg = Release|Any CPU
		{ABB7639E-8970-412A-88C3-61B822F07172}.Release|x86.Build.0 = Release|Any CPU
		{19C3DD50-5476-458A-8D3D-1A3CDEE274E3}.Debug|Any CPU.ActiveCfg = Debug|Any CPU
		{19C3DD50-5476-458A-8D3D-1A3CDEE274E3}.Debug|Any CPU.Build.0 = Debug|Any CPU
		{19C3DD50-5476-458A-8D3D-1A3CDEE274E3}.Debug|x86.ActiveCfg = Debug|Any CPU
		{19C3DD50-5476-458A-8D3D-1A3CDEE274E3}.Debug|x86.Build.0 = Debug|Any CPU
		{19C3DD50-5476-458A-8D3D-1A3CDEE274E3}.Release|Any CPU.ActiveCfg = Release|Any CPU
		{19C3DD50-5476-458A-8D3D-1A3CDEE274E3}.Release|Any CPU.Build.0 = Release|Any CPU
		{19C3DD50-5476-458A-8D3D-1A3CDEE274E3}.Release|x86.ActiveCfg = Release|Any CPU
		{19C3DD50-5476-458A-8D3D-1A3CDEE274E3}.Release|x86.Build.0 = Release|Any CPU
		{8FAA9261-F517-4191-8647-30A36DFB3017}.Debug|Any CPU.ActiveCfg = Debug|Any CPU
		{8FAA9261-F517-4191-8647-30A36DFB3017}.Debug|Any CPU.Build.0 = Debug|Any CPU
		{8FAA9261-F517-4191-8647-30A36DFB3017}.Debug|x86.ActiveCfg = Debug|Any CPU
		{8FAA9261-F517-4191-8647-30A36DFB3017}.Debug|x86.Build.0 = Debug|Any CPU
		{8FAA9261-F517-4191-8647-30A36DFB3017}.Release|Any CPU.ActiveCfg = Release|Any CPU
		{8FAA9261-F517-4191-8647-30A36DFB3017}.Release|Any CPU.Build.0 = Release|Any CPU
		{8FAA9261-F517-4191-8647-30A36DFB3017}.Release|x86.ActiveCfg = Release|Any CPU
		{8FAA9261-F517-4191-8647-30A36DFB3017}.Release|x86.Build.0 = Release|Any CPU
		{C1DA39CC-9ACA-4FF2-9128-1CF8C8D5C67D}.Debug|Any CPU.ActiveCfg = Debug|Any CPU
		{C1DA39CC-9ACA-4FF2-9128-1CF8C8D5C67D}.Debug|Any CPU.Build.0 = Debug|Any CPU
		{C1DA39CC-9ACA-4FF2-9128-1CF8C8D5C67D}.Debug|x86.ActiveCfg = Debug|Any CPU
		{C1DA39CC-9ACA-4FF2-9128-1CF8C8D5C67D}.Debug|x86.Build.0 = Debug|Any CPU
		{C1DA39CC-9ACA-4FF2-9128-1CF8C8D5C67D}.Release|Any CPU.ActiveCfg = Release|Any CPU
		{C1DA39CC-9ACA-4FF2-9128-1CF8C8D5C67D}.Release|Any CPU.Build.0 = Release|Any CPU
		{C1DA39CC-9ACA-4FF2-9128-1CF8C8D5C67D}.Release|x86.ActiveCfg = Release|Any CPU
		{C1DA39CC-9ACA-4FF2-9128-1CF8C8D5C67D}.Release|x86.Build.0 = Release|Any CPU
		{65FEC2D1-3DB4-4463-AC17-BD14AD285E76}.Debug|Any CPU.ActiveCfg = Debug|Any CPU
		{65FEC2D1-3DB4-4463-AC17-BD14AD285E76}.Debug|Any CPU.Build.0 = Debug|Any CPU
		{65FEC2D1-3DB4-4463-AC17-BD14AD285E76}.Debug|x86.ActiveCfg = Debug|Any CPU
		{65FEC2D1-3DB4-4463-AC17-BD14AD285E76}.Debug|x86.Build.0 = Debug|Any CPU
		{65FEC2D1-3DB4-4463-AC17-BD14AD285E76}.Release|Any CPU.ActiveCfg = Release|Any CPU
		{65FEC2D1-3DB4-4463-AC17-BD14AD285E76}.Release|Any CPU.Build.0 = Release|Any CPU
		{65FEC2D1-3DB4-4463-AC17-BD14AD285E76}.Release|x86.ActiveCfg = Release|Any CPU
		{65FEC2D1-3DB4-4463-AC17-BD14AD285E76}.Release|x86.Build.0 = Release|Any CPU
		{7D68EAA7-4D0E-464F-A6CF-2C7B14AB7ED5}.Debug|Any CPU.ActiveCfg = Debug|Any CPU
		{7D68EAA7-4D0E-464F-A6CF-2C7B14AB7ED5}.Debug|Any CPU.Build.0 = Debug|Any CPU
		{7D68EAA7-4D0E-464F-A6CF-2C7B14AB7ED5}.Debug|x86.ActiveCfg = Debug|Any CPU
		{7D68EAA7-4D0E-464F-A6CF-2C7B14AB7ED5}.Debug|x86.Build.0 = Debug|Any CPU
		{7D68EAA7-4D0E-464F-A6CF-2C7B14AB7ED5}.Release|Any CPU.ActiveCfg = Release|Any CPU
		{7D68EAA7-4D0E-464F-A6CF-2C7B14AB7ED5}.Release|Any CPU.Build.0 = Release|Any CPU
		{7D68EAA7-4D0E-464F-A6CF-2C7B14AB7ED5}.Release|x86.ActiveCfg = Release|Any CPU
		{7D68EAA7-4D0E-464F-A6CF-2C7B14AB7ED5}.Release|x86.Build.0 = Release|Any CPU
		{E9F471A0-9651-4BF9-B9E2-52827EA2092D}.Debug|Any CPU.ActiveCfg = Debug|Any CPU
		{E9F471A0-9651-4BF9-B9E2-52827EA2092D}.Debug|Any CPU.Build.0 = Debug|Any CPU
		{E9F471A0-9651-4BF9-B9E2-52827EA2092D}.Debug|x86.ActiveCfg = Debug|Any CPU
		{E9F471A0-9651-4BF9-B9E2-52827EA2092D}.Debug|x86.Build.0 = Debug|Any CPU
		{E9F471A0-9651-4BF9-B9E2-52827EA2092D}.Release|Any CPU.ActiveCfg = Release|Any CPU
		{E9F471A0-9651-4BF9-B9E2-52827EA2092D}.Release|Any CPU.Build.0 = Release|Any CPU
		{E9F471A0-9651-4BF9-B9E2-52827EA2092D}.Release|x86.ActiveCfg = Release|Any CPU
		{E9F471A0-9651-4BF9-B9E2-52827EA2092D}.Release|x86.Build.0 = Release|Any CPU
		{3517F8C9-3382-4678-837F-2A6414DF276A}.Debug|Any CPU.ActiveCfg = Debug|x86
		{3517F8C9-3382-4678-837F-2A6414DF276A}.Debug|Any CPU.Build.0 = Debug|x86
		{3517F8C9-3382-4678-837F-2A6414DF276A}.Debug|x86.ActiveCfg = Debug|x86
		{3517F8C9-3382-4678-837F-2A6414DF276A}.Debug|x86.Build.0 = Debug|x86
		{3517F8C9-3382-4678-837F-2A6414DF276A}.Release|Any CPU.ActiveCfg = Release|Any CPU
		{3517F8C9-3382-4678-837F-2A6414DF276A}.Release|Any CPU.Build.0 = Release|Any CPU
		{3517F8C9-3382-4678-837F-2A6414DF276A}.Release|x86.ActiveCfg = Release|x86
		{3517F8C9-3382-4678-837F-2A6414DF276A}.Release|x86.Build.0 = Release|x86
		{94D7BC9C-E17A-4EE0-B9FE-6628D5CBE138}.Debug|Any CPU.ActiveCfg = Debug|Any CPU
		{94D7BC9C-E17A-4EE0-B9FE-6628D5CBE138}.Debug|Any CPU.Build.0 = Debug|Any CPU
		{94D7BC9C-E17A-4EE0-B9FE-6628D5CBE138}.Debug|x86.ActiveCfg = Debug|Any CPU
		{94D7BC9C-E17A-4EE0-B9FE-6628D5CBE138}.Debug|x86.Build.0 = Debug|Any CPU
		{94D7BC9C-E17A-4EE0-B9FE-6628D5CBE138}.Release|Any CPU.ActiveCfg = Release|Any CPU
		{94D7BC9C-E17A-4EE0-B9FE-6628D5CBE138}.Release|Any CPU.Build.0 = Release|Any CPU
		{94D7BC9C-E17A-4EE0-B9FE-6628D5CBE138}.Release|x86.ActiveCfg = Release|Any CPU
		{94D7BC9C-E17A-4EE0-B9FE-6628D5CBE138}.Release|x86.Build.0 = Release|Any CPU
		{0737EDD6-2DDE-4CB2-B465-ABCFB045FA3F}.Debug|Any CPU.ActiveCfg = Debug|Any CPU
		{0737EDD6-2DDE-4CB2-B465-ABCFB045FA3F}.Debug|Any CPU.Build.0 = Debug|Any CPU
		{0737EDD6-2DDE-4CB2-B465-ABCFB045FA3F}.Debug|x86.ActiveCfg = Debug|Any CPU
		{0737EDD6-2DDE-4CB2-B465-ABCFB045FA3F}.Debug|x86.Build.0 = Debug|Any CPU
		{0737EDD6-2DDE-4CB2-B465-ABCFB045FA3F}.Release|Any CPU.ActiveCfg = Release|Any CPU
		{0737EDD6-2DDE-4CB2-B465-ABCFB045FA3F}.Release|Any CPU.Build.0 = Release|Any CPU
		{0737EDD6-2DDE-4CB2-B465-ABCFB045FA3F}.Release|x86.ActiveCfg = Release|Any CPU
		{0737EDD6-2DDE-4CB2-B465-ABCFB045FA3F}.Release|x86.Build.0 = Release|Any CPU
		{29DD1B2B-11C0-440E-A791-6E7FB20D3EB7}.Debug|Any CPU.ActiveCfg = Debug|Any CPU
		{29DD1B2B-11C0-440E-A791-6E7FB20D3EB7}.Debug|Any CPU.Build.0 = Debug|Any CPU
		{29DD1B2B-11C0-440E-A791-6E7FB20D3EB7}.Debug|x86.ActiveCfg = Debug|Any CPU
		{29DD1B2B-11C0-440E-A791-6E7FB20D3EB7}.Debug|x86.Build.0 = Debug|Any CPU
		{29DD1B2B-11C0-440E-A791-6E7FB20D3EB7}.Release|Any CPU.ActiveCfg = Release|Any CPU
		{29DD1B2B-11C0-440E-A791-6E7FB20D3EB7}.Release|Any CPU.Build.0 = Release|Any CPU
		{29DD1B2B-11C0-440E-A791-6E7FB20D3EB7}.Release|x86.ActiveCfg = Release|Any CPU
		{29DD1B2B-11C0-440E-A791-6E7FB20D3EB7}.Release|x86.Build.0 = Release|Any CPU
		{7CD9FA7F-DBF3-441F-9036-DEAEB25045E0}.Debug|Any CPU.ActiveCfg = Debug|Any CPU
		{7CD9FA7F-DBF3-441F-9036-DEAEB25045E0}.Debug|Any CPU.Build.0 = Debug|Any CPU
		{7CD9FA7F-DBF3-441F-9036-DEAEB25045E0}.Debug|x86.ActiveCfg = Debug|Any CPU
		{7CD9FA7F-DBF3-441F-9036-DEAEB25045E0}.Debug|x86.Build.0 = Debug|Any CPU
		{7CD9FA7F-DBF3-441F-9036-DEAEB25045E0}.Release|Any CPU.ActiveCfg = Release|Any CPU
		{7CD9FA7F-DBF3-441F-9036-DEAEB25045E0}.Release|Any CPU.Build.0 = Release|Any CPU
		{7CD9FA7F-DBF3-441F-9036-DEAEB25045E0}.Release|x86.ActiveCfg = Release|Any CPU
		{7CD9FA7F-DBF3-441F-9036-DEAEB25045E0}.Release|x86.Build.0 = Release|Any CPU
		{D6C770F1-8237-4FE3-A0D9-CEE0AF39DB6A}.Debug|Any CPU.ActiveCfg = Debug|Any CPU
		{D6C770F1-8237-4FE3-A0D9-CEE0AF39DB6A}.Debug|Any CPU.Build.0 = Debug|Any CPU
		{D6C770F1-8237-4FE3-A0D9-CEE0AF39DB6A}.Debug|x86.ActiveCfg = Debug|Any CPU
		{D6C770F1-8237-4FE3-A0D9-CEE0AF39DB6A}.Debug|x86.Build.0 = Debug|Any CPU
		{D6C770F1-8237-4FE3-A0D9-CEE0AF39DB6A}.Release|Any CPU.ActiveCfg = Release|Any CPU
		{D6C770F1-8237-4FE3-A0D9-CEE0AF39DB6A}.Release|Any CPU.Build.0 = Release|Any CPU
		{D6C770F1-8237-4FE3-A0D9-CEE0AF39DB6A}.Release|x86.ActiveCfg = Release|Any CPU
		{D6C770F1-8237-4FE3-A0D9-CEE0AF39DB6A}.Release|x86.Build.0 = Release|Any CPU
		{BA6E8F51-8E0D-43CF-A80A-CA114B6D4DFB}.Debug|Any CPU.ActiveCfg = Debug|Any CPU
		{BA6E8F51-8E0D-43CF-A80A-CA114B6D4DFB}.Debug|Any CPU.Build.0 = Debug|Any CPU
		{BA6E8F51-8E0D-43CF-A80A-CA114B6D4DFB}.Debug|x86.ActiveCfg = Debug|Any CPU
		{BA6E8F51-8E0D-43CF-A80A-CA114B6D4DFB}.Debug|x86.Build.0 = Debug|Any CPU
		{BA6E8F51-8E0D-43CF-A80A-CA114B6D4DFB}.Release|Any CPU.ActiveCfg = Release|Any CPU
		{BA6E8F51-8E0D-43CF-A80A-CA114B6D4DFB}.Release|Any CPU.Build.0 = Release|Any CPU
		{BA6E8F51-8E0D-43CF-A80A-CA114B6D4DFB}.Release|x86.ActiveCfg = Release|Any CPU
		{BA6E8F51-8E0D-43CF-A80A-CA114B6D4DFB}.Release|x86.Build.0 = Release|Any CPU
		{2FBF813D-00C4-417F-ABB2-02C7EF054207}.Debug|Any CPU.ActiveCfg = Debug|Any CPU
		{2FBF813D-00C4-417F-ABB2-02C7EF054207}.Debug|Any CPU.Build.0 = Debug|Any CPU
		{2FBF813D-00C4-417F-ABB2-02C7EF054207}.Debug|x86.ActiveCfg = Debug|Any CPU
		{2FBF813D-00C4-417F-ABB2-02C7EF054207}.Debug|x86.Build.0 = Debug|Any CPU
		{2FBF813D-00C4-417F-ABB2-02C7EF054207}.Release|Any CPU.ActiveCfg = Release|Any CPU
		{2FBF813D-00C4-417F-ABB2-02C7EF054207}.Release|Any CPU.Build.0 = Release|Any CPU
		{2FBF813D-00C4-417F-ABB2-02C7EF054207}.Release|x86.ActiveCfg = Release|Any CPU
		{2FBF813D-00C4-417F-ABB2-02C7EF054207}.Release|x86.Build.0 = Release|Any CPU
		{6686615E-049D-4268-B063-0A6AD5276BFC}.Debug|Any CPU.ActiveCfg = Debug|Any CPU
		{6686615E-049D-4268-B063-0A6AD5276BFC}.Debug|Any CPU.Build.0 = Debug|Any CPU
		{6686615E-049D-4268-B063-0A6AD5276BFC}.Debug|x86.ActiveCfg = Debug|Any CPU
		{6686615E-049D-4268-B063-0A6AD5276BFC}.Debug|x86.Build.0 = Debug|Any CPU
		{6686615E-049D-4268-B063-0A6AD5276BFC}.Release|Any CPU.ActiveCfg = Release|Any CPU
		{6686615E-049D-4268-B063-0A6AD5276BFC}.Release|Any CPU.Build.0 = Release|Any CPU
		{6686615E-049D-4268-B063-0A6AD5276BFC}.Release|x86.ActiveCfg = Release|Any CPU
		{6686615E-049D-4268-B063-0A6AD5276BFC}.Release|x86.Build.0 = Release|Any CPU
		{828111AA-D04C-4221-8361-7BF81FC7CC32}.Debug|Any CPU.ActiveCfg = Debug|Any CPU
		{828111AA-D04C-4221-8361-7BF81FC7CC32}.Debug|Any CPU.Build.0 = Debug|Any CPU
		{828111AA-D04C-4221-8361-7BF81FC7CC32}.Debug|x86.ActiveCfg = Debug|Any CPU
		{828111AA-D04C-4221-8361-7BF81FC7CC32}.Debug|x86.Build.0 = Debug|Any CPU
		{828111AA-D04C-4221-8361-7BF81FC7CC32}.Release|Any CPU.ActiveCfg = Release|Any CPU
		{828111AA-D04C-4221-8361-7BF81FC7CC32}.Release|Any CPU.Build.0 = Release|Any CPU
		{828111AA-D04C-4221-8361-7BF81FC7CC32}.Release|x86.ActiveCfg = Release|Any CPU
		{828111AA-D04C-4221-8361-7BF81FC7CC32}.Release|x86.Build.0 = Release|Any CPU
		{83ECE3E8-6B8E-49C7-905F-257D65B5EAAA}.Debug|Any CPU.ActiveCfg = Debug|Any CPU
		{83ECE3E8-6B8E-49C7-905F-257D65B5EAAA}.Debug|Any CPU.Build.0 = Debug|Any CPU
		{83ECE3E8-6B8E-49C7-905F-257D65B5EAAA}.Debug|x86.ActiveCfg = Debug|Any CPU
		{83ECE3E8-6B8E-49C7-905F-257D65B5EAAA}.Debug|x86.Build.0 = Debug|Any CPU
		{83ECE3E8-6B8E-49C7-905F-257D65B5EAAA}.Release|Any CPU.ActiveCfg = Release|Any CPU
		{83ECE3E8-6B8E-49C7-905F-257D65B5EAAA}.Release|Any CPU.Build.0 = Release|Any CPU
		{83ECE3E8-6B8E-49C7-905F-257D65B5EAAA}.Release|x86.ActiveCfg = Release|Any CPU
		{83ECE3E8-6B8E-49C7-905F-257D65B5EAAA}.Release|x86.Build.0 = Release|Any CPU
		{545EC25C-A77A-493C-A258-7DF922B5F9F8}.Debug|Any CPU.ActiveCfg = Debug|Any CPU
		{545EC25C-A77A-493C-A258-7DF922B5F9F8}.Debug|Any CPU.Build.0 = Debug|Any CPU
		{545EC25C-A77A-493C-A258-7DF922B5F9F8}.Debug|x86.ActiveCfg = Debug|Any CPU
		{545EC25C-A77A-493C-A258-7DF922B5F9F8}.Debug|x86.Build.0 = Debug|Any CPU
		{545EC25C-A77A-493C-A258-7DF922B5F9F8}.Release|Any CPU.ActiveCfg = Release|Any CPU
		{545EC25C-A77A-493C-A258-7DF922B5F9F8}.Release|Any CPU.Build.0 = Release|Any CPU
		{545EC25C-A77A-493C-A258-7DF922B5F9F8}.Release|x86.ActiveCfg = Release|Any CPU
		{545EC25C-A77A-493C-A258-7DF922B5F9F8}.Release|x86.Build.0 = Release|Any CPU
		{5B95B2AC-3A96-47F8-96F6-947B76BBCF80}.Debug|Any CPU.ActiveCfg = Debug|Any CPU
		{5B95B2AC-3A96-47F8-96F6-947B76BBCF80}.Debug|Any CPU.Build.0 = Debug|Any CPU
		{5B95B2AC-3A96-47F8-96F6-947B76BBCF80}.Debug|x86.ActiveCfg = Debug|Any CPU
		{5B95B2AC-3A96-47F8-96F6-947B76BBCF80}.Debug|x86.Build.0 = Debug|Any CPU
		{5B95B2AC-3A96-47F8-96F6-947B76BBCF80}.Release|Any CPU.ActiveCfg = Release|Any CPU
		{5B95B2AC-3A96-47F8-96F6-947B76BBCF80}.Release|Any CPU.Build.0 = Release|Any CPU
		{5B95B2AC-3A96-47F8-96F6-947B76BBCF80}.Release|x86.ActiveCfg = Release|Any CPU
		{5B95B2AC-3A96-47F8-96F6-947B76BBCF80}.Release|x86.Build.0 = Release|Any CPU
		{C234A8ED-2069-4ED4-BF38-5B6337526B6A}.Debug|Any CPU.ActiveCfg = Debug|Any CPU
		{C234A8ED-2069-4ED4-BF38-5B6337526B6A}.Debug|Any CPU.Build.0 = Debug|Any CPU
		{C234A8ED-2069-4ED4-BF38-5B6337526B6A}.Debug|x86.ActiveCfg = Debug|Any CPU
		{C234A8ED-2069-4ED4-BF38-5B6337526B6A}.Debug|x86.Build.0 = Debug|Any CPU
		{C234A8ED-2069-4ED4-BF38-5B6337526B6A}.Release|Any CPU.ActiveCfg = Release|Any CPU
		{C234A8ED-2069-4ED4-BF38-5B6337526B6A}.Release|Any CPU.Build.0 = Release|Any CPU
		{C234A8ED-2069-4ED4-BF38-5B6337526B6A}.Release|x86.ActiveCfg = Release|Any CPU
		{C234A8ED-2069-4ED4-BF38-5B6337526B6A}.Release|x86.Build.0 = Release|Any CPU
		{829CB169-F0DF-435D-8CD0-81B15AADEE39}.Debug|Any CPU.ActiveCfg = Debug|Any CPU
		{829CB169-F0DF-435D-8CD0-81B15AADEE39}.Debug|Any CPU.Build.0 = Debug|Any CPU
		{829CB169-F0DF-435D-8CD0-81B15AADEE39}.Debug|x86.ActiveCfg = Debug|Any CPU
		{829CB169-F0DF-435D-8CD0-81B15AADEE39}.Debug|x86.Build.0 = Debug|Any CPU
		{829CB169-F0DF-435D-8CD0-81B15AADEE39}.Release|Any CPU.ActiveCfg = Release|Any CPU
		{829CB169-F0DF-435D-8CD0-81B15AADEE39}.Release|Any CPU.Build.0 = Release|Any CPU
		{829CB169-F0DF-435D-8CD0-81B15AADEE39}.Release|x86.ActiveCfg = Release|Any CPU
		{829CB169-F0DF-435D-8CD0-81B15AADEE39}.Release|x86.Build.0 = Release|Any CPU
		{BD1A5666-058B-4B7F-8C29-E85AA543CF1B}.Debug|Any CPU.ActiveCfg = Debug|Any CPU
		{BD1A5666-058B-4B7F-8C29-E85AA543CF1B}.Debug|Any CPU.Build.0 = Debug|Any CPU
		{BD1A5666-058B-4B7F-8C29-E85AA543CF1B}.Debug|x86.ActiveCfg = Debug|Any CPU
		{BD1A5666-058B-4B7F-8C29-E85AA543CF1B}.Debug|x86.Build.0 = Debug|Any CPU
		{BD1A5666-058B-4B7F-8C29-E85AA543CF1B}.Release|Any CPU.ActiveCfg = Release|Any CPU
		{BD1A5666-058B-4B7F-8C29-E85AA543CF1B}.Release|Any CPU.Build.0 = Release|Any CPU
		{BD1A5666-058B-4B7F-8C29-E85AA543CF1B}.Release|x86.ActiveCfg = Release|Any CPU
		{BD1A5666-058B-4B7F-8C29-E85AA543CF1B}.Release|x86.Build.0 = Release|Any CPU
		{4D602CFF-86B7-4C8E-B001-351823243DAE}.Debug|Any CPU.ActiveCfg = Debug|Any CPU
		{4D602CFF-86B7-4C8E-B001-351823243DAE}.Debug|Any CPU.Build.0 = Debug|Any CPU
		{4D602CFF-86B7-4C8E-B001-351823243DAE}.Debug|x86.ActiveCfg = Debug|Any CPU
		{4D602CFF-86B7-4C8E-B001-351823243DAE}.Debug|x86.Build.0 = Debug|Any CPU
		{4D602CFF-86B7-4C8E-B001-351823243DAE}.Release|Any CPU.ActiveCfg = Release|Any CPU
		{4D602CFF-86B7-4C8E-B001-351823243DAE}.Release|Any CPU.Build.0 = Release|Any CPU
		{4D602CFF-86B7-4C8E-B001-351823243DAE}.Release|x86.ActiveCfg = Release|Any CPU
		{4D602CFF-86B7-4C8E-B001-351823243DAE}.Release|x86.Build.0 = Release|Any CPU
		{F9282F6D-B777-480B-A20D-4A41CD53D079}.Debug|Any CPU.ActiveCfg = Debug|Any CPU
		{F9282F6D-B777-480B-A20D-4A41CD53D079}.Debug|Any CPU.Build.0 = Debug|Any CPU
		{F9282F6D-B777-480B-A20D-4A41CD53D079}.Debug|x86.ActiveCfg = Debug|Any CPU
		{F9282F6D-B777-480B-A20D-4A41CD53D079}.Debug|x86.Build.0 = Debug|Any CPU
		{F9282F6D-B777-480B-A20D-4A41CD53D079}.Release|Any CPU.ActiveCfg = Release|Any CPU
		{F9282F6D-B777-480B-A20D-4A41CD53D079}.Release|Any CPU.Build.0 = Release|Any CPU
		{F9282F6D-B777-480B-A20D-4A41CD53D079}.Release|x86.ActiveCfg = Release|Any CPU
		{F9282F6D-B777-480B-A20D-4A41CD53D079}.Release|x86.Build.0 = Release|Any CPU
		{36635AFB-FAE4-401E-A416-52B7C9873E8F}.Debug|Any CPU.ActiveCfg = Debug|Any CPU
		{36635AFB-FAE4-401E-A416-52B7C9873E8F}.Debug|Any CPU.Build.0 = Debug|Any CPU
		{36635AFB-FAE4-401E-A416-52B7C9873E8F}.Debug|x86.ActiveCfg = Debug|Any CPU
		{36635AFB-FAE4-401E-A416-52B7C9873E8F}.Debug|x86.Build.0 = Debug|Any CPU
		{36635AFB-FAE4-401E-A416-52B7C9873E8F}.Release|Any CPU.ActiveCfg = Release|Any CPU
		{36635AFB-FAE4-401E-A416-52B7C9873E8F}.Release|Any CPU.Build.0 = Release|Any CPU
		{36635AFB-FAE4-401E-A416-52B7C9873E8F}.Release|x86.ActiveCfg = Release|Any CPU
		{36635AFB-FAE4-401E-A416-52B7C9873E8F}.Release|x86.Build.0 = Release|Any CPU
		{616A5A74-E10F-4383-A336-3F4FC4617F34}.Debug|Any CPU.ActiveCfg = Debug|Any CPU
		{616A5A74-E10F-4383-A336-3F4FC4617F34}.Debug|Any CPU.Build.0 = Debug|Any CPU
		{616A5A74-E10F-4383-A336-3F4FC4617F34}.Debug|x86.ActiveCfg = Debug|Any CPU
		{616A5A74-E10F-4383-A336-3F4FC4617F34}.Debug|x86.Build.0 = Debug|Any CPU
		{616A5A74-E10F-4383-A336-3F4FC4617F34}.Release|Any CPU.ActiveCfg = Release|Any CPU
		{616A5A74-E10F-4383-A336-3F4FC4617F34}.Release|Any CPU.Build.0 = Release|Any CPU
		{616A5A74-E10F-4383-A336-3F4FC4617F34}.Release|x86.ActiveCfg = Release|Any CPU
		{616A5A74-E10F-4383-A336-3F4FC4617F34}.Release|x86.Build.0 = Release|Any CPU
		{CF912633-9EA9-4C96-ABF9-B612CBE537EA}.Debug|Any CPU.ActiveCfg = Debug|Any CPU
		{CF912633-9EA9-4C96-ABF9-B612CBE537EA}.Debug|Any CPU.Build.0 = Debug|Any CPU
		{CF912633-9EA9-4C96-ABF9-B612CBE537EA}.Debug|x86.ActiveCfg = Debug|Any CPU
		{CF912633-9EA9-4C96-ABF9-B612CBE537EA}.Debug|x86.Build.0 = Debug|Any CPU
		{CF912633-9EA9-4C96-ABF9-B612CBE537EA}.Release|Any CPU.ActiveCfg = Release|Any CPU
		{CF912633-9EA9-4C96-ABF9-B612CBE537EA}.Release|Any CPU.Build.0 = Release|Any CPU
		{CF912633-9EA9-4C96-ABF9-B612CBE537EA}.Release|x86.ActiveCfg = Release|Any CPU
		{CF912633-9EA9-4C96-ABF9-B612CBE537EA}.Release|x86.Build.0 = Release|Any CPU
		{E8E4B0B1-3A48-4C6E-879B-349DC5951BDE}.Debug|Any CPU.ActiveCfg = Debug|Any CPU
		{E8E4B0B1-3A48-4C6E-879B-349DC5951BDE}.Debug|Any CPU.Build.0 = Debug|Any CPU
		{E8E4B0B1-3A48-4C6E-879B-349DC5951BDE}.Debug|x86.ActiveCfg = Debug|Any CPU
		{E8E4B0B1-3A48-4C6E-879B-349DC5951BDE}.Debug|x86.Build.0 = Debug|Any CPU
		{E8E4B0B1-3A48-4C6E-879B-349DC5951BDE}.Release|Any CPU.ActiveCfg = Release|Any CPU
		{E8E4B0B1-3A48-4C6E-879B-349DC5951BDE}.Release|Any CPU.Build.0 = Release|Any CPU
		{E8E4B0B1-3A48-4C6E-879B-349DC5951BDE}.Release|x86.ActiveCfg = Release|Any CPU
		{E8E4B0B1-3A48-4C6E-879B-349DC5951BDE}.Release|x86.Build.0 = Release|Any CPU
		{220E96FC-24CB-485E-AA8E-EE068E0A9687}.Debug|Any CPU.ActiveCfg = Debug|Any CPU
		{220E96FC-24CB-485E-AA8E-EE068E0A9687}.Debug|Any CPU.Build.0 = Debug|Any CPU
		{220E96FC-24CB-485E-AA8E-EE068E0A9687}.Debug|x86.ActiveCfg = Debug|Any CPU
		{220E96FC-24CB-485E-AA8E-EE068E0A9687}.Debug|x86.Build.0 = Debug|Any CPU
		{220E96FC-24CB-485E-AA8E-EE068E0A9687}.Release|Any CPU.ActiveCfg = Release|Any CPU
		{220E96FC-24CB-485E-AA8E-EE068E0A9687}.Release|Any CPU.Build.0 = Release|Any CPU
		{220E96FC-24CB-485E-AA8E-EE068E0A9687}.Release|x86.ActiveCfg = Release|Any CPU
		{220E96FC-24CB-485E-AA8E-EE068E0A9687}.Release|x86.Build.0 = Release|Any CPU
		{C91A53BD-E82A-489F-AF82-3230A458CA1C}.Debug|Any CPU.ActiveCfg = Debug|Any CPU
		{C91A53BD-E82A-489F-AF82-3230A458CA1C}.Debug|Any CPU.Build.0 = Debug|Any CPU
		{C91A53BD-E82A-489F-AF82-3230A458CA1C}.Debug|x86.ActiveCfg = Debug|Any CPU
		{C91A53BD-E82A-489F-AF82-3230A458CA1C}.Debug|x86.Build.0 = Debug|Any CPU
		{C91A53BD-E82A-489F-AF82-3230A458CA1C}.Release|Any CPU.ActiveCfg = Release|Any CPU
		{C91A53BD-E82A-489F-AF82-3230A458CA1C}.Release|Any CPU.Build.0 = Release|Any CPU
		{C91A53BD-E82A-489F-AF82-3230A458CA1C}.Release|x86.ActiveCfg = Release|Any CPU
		{C91A53BD-E82A-489F-AF82-3230A458CA1C}.Release|x86.Build.0 = Release|Any CPU
		{F3DB1CC3-BBB3-4A98-AD75-E860944CD31A}.Debug|Any CPU.ActiveCfg = Debug|Any CPU
		{F3DB1CC3-BBB3-4A98-AD75-E860944CD31A}.Debug|Any CPU.Build.0 = Debug|Any CPU
		{F3DB1CC3-BBB3-4A98-AD75-E860944CD31A}.Debug|x86.ActiveCfg = Debug|Any CPU
		{F3DB1CC3-BBB3-4A98-AD75-E860944CD31A}.Debug|x86.Build.0 = Debug|Any CPU
		{F3DB1CC3-BBB3-4A98-AD75-E860944CD31A}.Release|Any CPU.ActiveCfg = Release|Any CPU
		{F3DB1CC3-BBB3-4A98-AD75-E860944CD31A}.Release|Any CPU.Build.0 = Release|Any CPU
		{F3DB1CC3-BBB3-4A98-AD75-E860944CD31A}.Release|x86.ActiveCfg = Release|Any CPU
		{F3DB1CC3-BBB3-4A98-AD75-E860944CD31A}.Release|x86.Build.0 = Release|Any CPU
		{3AB72308-664F-42A2-878B-EE65BA343ABB}.Debug|Any CPU.ActiveCfg = Debug|Any CPU
		{3AB72308-664F-42A2-878B-EE65BA343ABB}.Debug|Any CPU.Build.0 = Debug|Any CPU
		{3AB72308-664F-42A2-878B-EE65BA343ABB}.Debug|x86.ActiveCfg = Debug|Any CPU
		{3AB72308-664F-42A2-878B-EE65BA343ABB}.Debug|x86.Build.0 = Debug|Any CPU
		{3AB72308-664F-42A2-878B-EE65BA343ABB}.Release|Any CPU.ActiveCfg = Release|Any CPU
		{3AB72308-664F-42A2-878B-EE65BA343ABB}.Release|Any CPU.Build.0 = Release|Any CPU
		{3AB72308-664F-42A2-878B-EE65BA343ABB}.Release|x86.ActiveCfg = Release|Any CPU
		{3AB72308-664F-42A2-878B-EE65BA343ABB}.Release|x86.Build.0 = Release|Any CPU
		{B94413C4-238F-42DB-AE16-E0D478E9797E}.Debug|Any CPU.ActiveCfg = Debug|Any CPU
		{B94413C4-238F-42DB-AE16-E0D478E9797E}.Debug|Any CPU.Build.0 = Debug|Any CPU
		{B94413C4-238F-42DB-AE16-E0D478E9797E}.Debug|x86.ActiveCfg = Debug|Any CPU
		{B94413C4-238F-42DB-AE16-E0D478E9797E}.Debug|x86.Build.0 = Debug|Any CPU
		{B94413C4-238F-42DB-AE16-E0D478E9797E}.Release|Any CPU.ActiveCfg = Release|Any CPU
		{B94413C4-238F-42DB-AE16-E0D478E9797E}.Release|Any CPU.Build.0 = Release|Any CPU
		{B94413C4-238F-42DB-AE16-E0D478E9797E}.Release|x86.ActiveCfg = Release|Any CPU
		{B94413C4-238F-42DB-AE16-E0D478E9797E}.Release|x86.Build.0 = Release|Any CPU
		{BF7480D8-E9CE-4B31-A295-B106FC24CD38}.Debug|Any CPU.ActiveCfg = Debug|Any CPU
		{BF7480D8-E9CE-4B31-A295-B106FC24CD38}.Debug|Any CPU.Build.0 = Debug|Any CPU
		{BF7480D8-E9CE-4B31-A295-B106FC24CD38}.Debug|x86.ActiveCfg = Debug|Any CPU
		{BF7480D8-E9CE-4B31-A295-B106FC24CD38}.Debug|x86.Build.0 = Debug|Any CPU
		{BF7480D8-E9CE-4B31-A295-B106FC24CD38}.Release|Any CPU.ActiveCfg = Release|Any CPU
		{BF7480D8-E9CE-4B31-A295-B106FC24CD38}.Release|Any CPU.Build.0 = Release|Any CPU
		{BF7480D8-E9CE-4B31-A295-B106FC24CD38}.Release|x86.ActiveCfg = Release|Any CPU
		{BF7480D8-E9CE-4B31-A295-B106FC24CD38}.Release|x86.Build.0 = Release|Any CPU
		{641FB192-0B2E-4C59-9F9B-99839D6E7C5D}.Debug|Any CPU.ActiveCfg = Debug|Any CPU
		{641FB192-0B2E-4C59-9F9B-99839D6E7C5D}.Debug|Any CPU.Build.0 = Debug|Any CPU
		{641FB192-0B2E-4C59-9F9B-99839D6E7C5D}.Debug|x86.ActiveCfg = Debug|Any CPU
		{641FB192-0B2E-4C59-9F9B-99839D6E7C5D}.Debug|x86.Build.0 = Debug|Any CPU
		{641FB192-0B2E-4C59-9F9B-99839D6E7C5D}.Release|Any CPU.ActiveCfg = Release|Any CPU
		{641FB192-0B2E-4C59-9F9B-99839D6E7C5D}.Release|Any CPU.Build.0 = Release|Any CPU
		{641FB192-0B2E-4C59-9F9B-99839D6E7C5D}.Release|x86.ActiveCfg = Release|Any CPU
		{641FB192-0B2E-4C59-9F9B-99839D6E7C5D}.Release|x86.Build.0 = Release|Any CPU
		{E2E7CEC6-A6A3-4306-A60B-533B271E52BD}.Debug|Any CPU.ActiveCfg = Debug|Any CPU
		{E2E7CEC6-A6A3-4306-A60B-533B271E52BD}.Debug|Any CPU.Build.0 = Debug|Any CPU
		{E2E7CEC6-A6A3-4306-A60B-533B271E52BD}.Debug|x86.ActiveCfg = Debug|Any CPU
		{E2E7CEC6-A6A3-4306-A60B-533B271E52BD}.Debug|x86.Build.0 = Debug|Any CPU
		{E2E7CEC6-A6A3-4306-A60B-533B271E52BD}.Release|Any CPU.ActiveCfg = Release|Any CPU
		{E2E7CEC6-A6A3-4306-A60B-533B271E52BD}.Release|Any CPU.Build.0 = Release|Any CPU
		{E2E7CEC6-A6A3-4306-A60B-533B271E52BD}.Release|x86.ActiveCfg = Release|Any CPU
		{E2E7CEC6-A6A3-4306-A60B-533B271E52BD}.Release|x86.Build.0 = Release|Any CPU
		{76A55620-ACB4-41CD-BB5F-50E16417C04A}.Debug|Any CPU.ActiveCfg = Debug|Any CPU
		{76A55620-ACB4-41CD-BB5F-50E16417C04A}.Debug|Any CPU.Build.0 = Debug|Any CPU
		{76A55620-ACB4-41CD-BB5F-50E16417C04A}.Debug|x86.ActiveCfg = Debug|Any CPU
		{76A55620-ACB4-41CD-BB5F-50E16417C04A}.Debug|x86.Build.0 = Debug|Any CPU
		{76A55620-ACB4-41CD-BB5F-50E16417C04A}.Release|Any CPU.ActiveCfg = Release|Any CPU
		{76A55620-ACB4-41CD-BB5F-50E16417C04A}.Release|Any CPU.Build.0 = Release|Any CPU
		{76A55620-ACB4-41CD-BB5F-50E16417C04A}.Release|x86.ActiveCfg = Release|Any CPU
		{76A55620-ACB4-41CD-BB5F-50E16417C04A}.Release|x86.Build.0 = Release|Any CPU
		{E67217B3-4CB2-4F0C-894C-369BBD125411}.Debug|Any CPU.ActiveCfg = Debug|Any CPU
		{E67217B3-4CB2-4F0C-894C-369BBD125411}.Debug|Any CPU.Build.0 = Debug|Any CPU
		{E67217B3-4CB2-4F0C-894C-369BBD125411}.Debug|x86.ActiveCfg = Debug|Any CPU
		{E67217B3-4CB2-4F0C-894C-369BBD125411}.Debug|x86.Build.0 = Debug|Any CPU
		{E67217B3-4CB2-4F0C-894C-369BBD125411}.Release|Any CPU.ActiveCfg = Release|Any CPU
		{E67217B3-4CB2-4F0C-894C-369BBD125411}.Release|Any CPU.Build.0 = Release|Any CPU
		{E67217B3-4CB2-4F0C-894C-369BBD125411}.Release|x86.ActiveCfg = Release|Any CPU
		{E67217B3-4CB2-4F0C-894C-369BBD125411}.Release|x86.Build.0 = Release|Any CPU
		{998C70D7-4DE0-4CDE-A136-B06D64C3C554}.Debug|Any CPU.ActiveCfg = Debug|Any CPU
		{998C70D7-4DE0-4CDE-A136-B06D64C3C554}.Debug|Any CPU.Build.0 = Debug|Any CPU
		{998C70D7-4DE0-4CDE-A136-B06D64C3C554}.Debug|x86.ActiveCfg = Debug|Any CPU
		{998C70D7-4DE0-4CDE-A136-B06D64C3C554}.Debug|x86.Build.0 = Debug|Any CPU
		{998C70D7-4DE0-4CDE-A136-B06D64C3C554}.Release|Any CPU.ActiveCfg = Release|Any CPU
		{998C70D7-4DE0-4CDE-A136-B06D64C3C554}.Release|Any CPU.Build.0 = Release|Any CPU
		{998C70D7-4DE0-4CDE-A136-B06D64C3C554}.Release|x86.ActiveCfg = Release|Any CPU
		{998C70D7-4DE0-4CDE-A136-B06D64C3C554}.Release|x86.Build.0 = Release|Any CPU
		{79A1F939-FEA7-4927-ADB5-09E6175FFDD4}.Debug|Any CPU.ActiveCfg = Debug|Any CPU
		{79A1F939-FEA7-4927-ADB5-09E6175FFDD4}.Debug|Any CPU.Build.0 = Debug|Any CPU
		{79A1F939-FEA7-4927-ADB5-09E6175FFDD4}.Debug|x86.ActiveCfg = Debug|Any CPU
		{79A1F939-FEA7-4927-ADB5-09E6175FFDD4}.Debug|x86.Build.0 = Debug|Any CPU
		{79A1F939-FEA7-4927-ADB5-09E6175FFDD4}.Release|Any CPU.ActiveCfg = Release|Any CPU
		{79A1F939-FEA7-4927-ADB5-09E6175FFDD4}.Release|Any CPU.Build.0 = Release|Any CPU
		{79A1F939-FEA7-4927-ADB5-09E6175FFDD4}.Release|x86.ActiveCfg = Release|Any CPU
		{79A1F939-FEA7-4927-ADB5-09E6175FFDD4}.Release|x86.Build.0 = Release|Any CPU
		{0976AA9A-3681-4798-970A-E39287B4A35F}.Debug|Any CPU.ActiveCfg = Debug|Any CPU
		{0976AA9A-3681-4798-970A-E39287B4A35F}.Debug|Any CPU.Build.0 = Debug|Any CPU
		{0976AA9A-3681-4798-970A-E39287B4A35F}.Debug|x86.ActiveCfg = Debug|Any CPU
		{0976AA9A-3681-4798-970A-E39287B4A35F}.Debug|x86.Build.0 = Debug|Any CPU
		{0976AA9A-3681-4798-970A-E39287B4A35F}.Release|Any CPU.ActiveCfg = Release|Any CPU
		{0976AA9A-3681-4798-970A-E39287B4A35F}.Release|Any CPU.Build.0 = Release|Any CPU
		{0976AA9A-3681-4798-970A-E39287B4A35F}.Release|x86.ActiveCfg = Release|Any CPU
		{0976AA9A-3681-4798-970A-E39287B4A35F}.Release|x86.Build.0 = Release|Any CPU
		{6C296692-EC4D-420A-8116-4549673E4658}.Debug|Any CPU.ActiveCfg = Debug|Any CPU
		{6C296692-EC4D-420A-8116-4549673E4658}.Debug|Any CPU.Build.0 = Debug|Any CPU
		{6C296692-EC4D-420A-8116-4549673E4658}.Debug|x86.ActiveCfg = Debug|Any CPU
		{6C296692-EC4D-420A-8116-4549673E4658}.Debug|x86.Build.0 = Debug|Any CPU
		{6C296692-EC4D-420A-8116-4549673E4658}.Release|Any CPU.ActiveCfg = Release|Any CPU
		{6C296692-EC4D-420A-8116-4549673E4658}.Release|Any CPU.Build.0 = Release|Any CPU
		{6C296692-EC4D-420A-8116-4549673E4658}.Release|x86.ActiveCfg = Release|Any CPU
		{6C296692-EC4D-420A-8116-4549673E4658}.Release|x86.Build.0 = Release|Any CPU
		{873B42CE-BD41-4DEC-AE68-CFE671C76844}.Debug|Any CPU.ActiveCfg = Debug|Any CPU
		{873B42CE-BD41-4DEC-AE68-CFE671C76844}.Debug|Any CPU.Build.0 = Debug|Any CPU
		{873B42CE-BD41-4DEC-AE68-CFE671C76844}.Debug|x86.ActiveCfg = Debug|Any CPU
		{873B42CE-BD41-4DEC-AE68-CFE671C76844}.Debug|x86.Build.0 = Debug|Any CPU
		{873B42CE-BD41-4DEC-AE68-CFE671C76844}.Release|Any CPU.ActiveCfg = Release|Any CPU
		{873B42CE-BD41-4DEC-AE68-CFE671C76844}.Release|Any CPU.Build.0 = Release|Any CPU
		{873B42CE-BD41-4DEC-AE68-CFE671C76844}.Release|x86.ActiveCfg = Release|Any CPU
		{873B42CE-BD41-4DEC-AE68-CFE671C76844}.Release|x86.Build.0 = Release|Any CPU
		{85E9C8F4-4B11-4452-9BBE-C88D90B6C75E}.Debug|Any CPU.ActiveCfg = Debug|Any CPU
		{85E9C8F4-4B11-4452-9BBE-C88D90B6C75E}.Debug|Any CPU.Build.0 = Debug|Any CPU
		{85E9C8F4-4B11-4452-9BBE-C88D90B6C75E}.Debug|x86.ActiveCfg = Debug|Any CPU
		{85E9C8F4-4B11-4452-9BBE-C88D90B6C75E}.Debug|x86.Build.0 = Debug|Any CPU
		{85E9C8F4-4B11-4452-9BBE-C88D90B6C75E}.Release|Any CPU.ActiveCfg = Release|Any CPU
		{85E9C8F4-4B11-4452-9BBE-C88D90B6C75E}.Release|Any CPU.Build.0 = Release|Any CPU
		{85E9C8F4-4B11-4452-9BBE-C88D90B6C75E}.Release|x86.ActiveCfg = Release|Any CPU
		{85E9C8F4-4B11-4452-9BBE-C88D90B6C75E}.Release|x86.Build.0 = Release|Any CPU
		{5C2FCCF8-AEF5-4961-A566-18A0E57EF5A9}.Debug|Any CPU.ActiveCfg = Debug|Any CPU
		{5C2FCCF8-AEF5-4961-A566-18A0E57EF5A9}.Debug|Any CPU.Build.0 = Debug|Any CPU
		{5C2FCCF8-AEF5-4961-A566-18A0E57EF5A9}.Debug|x86.ActiveCfg = Debug|Any CPU
		{5C2FCCF8-AEF5-4961-A566-18A0E57EF5A9}.Debug|x86.Build.0 = Debug|Any CPU
		{5C2FCCF8-AEF5-4961-A566-18A0E57EF5A9}.Release|Any CPU.ActiveCfg = Release|Any CPU
		{5C2FCCF8-AEF5-4961-A566-18A0E57EF5A9}.Release|Any CPU.Build.0 = Release|Any CPU
		{5C2FCCF8-AEF5-4961-A566-18A0E57EF5A9}.Release|x86.ActiveCfg = Release|Any CPU
		{5C2FCCF8-AEF5-4961-A566-18A0E57EF5A9}.Release|x86.Build.0 = Release|Any CPU
		{6463F38F-F768-4AC8-AA60-2E63B7F2E396}.Debug|Any CPU.ActiveCfg = Debug|Any CPU
		{6463F38F-F768-4AC8-AA60-2E63B7F2E396}.Debug|Any CPU.Build.0 = Debug|Any CPU
		{6463F38F-F768-4AC8-AA60-2E63B7F2E396}.Debug|x86.ActiveCfg = Debug|Any CPU
		{6463F38F-F768-4AC8-AA60-2E63B7F2E396}.Debug|x86.Build.0 = Debug|Any CPU
		{6463F38F-F768-4AC8-AA60-2E63B7F2E396}.Release|Any CPU.ActiveCfg = Release|Any CPU
		{6463F38F-F768-4AC8-AA60-2E63B7F2E396}.Release|Any CPU.Build.0 = Release|Any CPU
		{6463F38F-F768-4AC8-AA60-2E63B7F2E396}.Release|x86.ActiveCfg = Release|Any CPU
		{6463F38F-F768-4AC8-AA60-2E63B7F2E396}.Release|x86.Build.0 = Release|Any CPU
		{A81B3421-B0D7-4EF9-B850-32F0FB66FCC0}.Debug|Any CPU.ActiveCfg = Debug|Any CPU
		{A81B3421-B0D7-4EF9-B850-32F0FB66FCC0}.Debug|Any CPU.Build.0 = Debug|Any CPU
		{A81B3421-B0D7-4EF9-B850-32F0FB66FCC0}.Debug|x86.ActiveCfg = Debug|Any CPU
		{A81B3421-B0D7-4EF9-B850-32F0FB66FCC0}.Debug|x86.Build.0 = Debug|Any CPU
		{A81B3421-B0D7-4EF9-B850-32F0FB66FCC0}.Release|Any CPU.ActiveCfg = Release|Any CPU
		{A81B3421-B0D7-4EF9-B850-32F0FB66FCC0}.Release|Any CPU.Build.0 = Release|Any CPU
		{A81B3421-B0D7-4EF9-B850-32F0FB66FCC0}.Release|x86.ActiveCfg = Release|Any CPU
		{A81B3421-B0D7-4EF9-B850-32F0FB66FCC0}.Release|x86.Build.0 = Release|Any CPU
		{0982CEF4-048F-476C-8B62-102B4CD6BC87}.Debug|Any CPU.ActiveCfg = Debug|Any CPU
		{0982CEF4-048F-476C-8B62-102B4CD6BC87}.Debug|Any CPU.Build.0 = Debug|Any CPU
		{0982CEF4-048F-476C-8B62-102B4CD6BC87}.Debug|x86.ActiveCfg = Debug|Any CPU
		{0982CEF4-048F-476C-8B62-102B4CD6BC87}.Debug|x86.Build.0 = Debug|Any CPU
		{0982CEF4-048F-476C-8B62-102B4CD6BC87}.Release|Any CPU.ActiveCfg = Release|Any CPU
		{0982CEF4-048F-476C-8B62-102B4CD6BC87}.Release|Any CPU.Build.0 = Release|Any CPU
		{0982CEF4-048F-476C-8B62-102B4CD6BC87}.Release|x86.ActiveCfg = Release|Any CPU
		{0982CEF4-048F-476C-8B62-102B4CD6BC87}.Release|x86.Build.0 = Release|Any CPU
		{00897A34-1C60-4FFD-B8FE-C3E33ECB6359}.Debug|Any CPU.ActiveCfg = Debug|Any CPU
		{00897A34-1C60-4FFD-B8FE-C3E33ECB6359}.Debug|Any CPU.Build.0 = Debug|Any CPU
		{00897A34-1C60-4FFD-B8FE-C3E33ECB6359}.Debug|x86.ActiveCfg = Debug|Any CPU
		{00897A34-1C60-4FFD-B8FE-C3E33ECB6359}.Debug|x86.Build.0 = Debug|Any CPU
		{00897A34-1C60-4FFD-B8FE-C3E33ECB6359}.Release|Any CPU.ActiveCfg = Release|Any CPU
		{00897A34-1C60-4FFD-B8FE-C3E33ECB6359}.Release|Any CPU.Build.0 = Release|Any CPU
		{00897A34-1C60-4FFD-B8FE-C3E33ECB6359}.Release|x86.ActiveCfg = Release|Any CPU
		{00897A34-1C60-4FFD-B8FE-C3E33ECB6359}.Release|x86.Build.0 = Release|Any CPU
	EndGlobalSection
	GlobalSection(SolutionProperties) = preSolution
		HideSolutionNode = FALSE
	EndGlobalSection
	GlobalSection(NestedProjects) = preSolution
		{4FD7D595-8FCE-44C9-8BB3-67500834770F} = {17E680C0-7C92-462C-8869-F67EEE313F9B}
		{F3D3FF1E-4242-402B-8E64-03B082A80E29} = {C217720D-73F7-4639-A370-D7F30147DEC0}
		{54C0C5CB-092A-49D0-BD6A-A777F6F9609E} = {5D9B740D-1B86-406B-A3B4-A13EA4485F44}
		{AF61FC13-C7EC-4F51-9EB6-91C3ECF16814} = {5D9B740D-1B86-406B-A3B4-A13EA4485F44}
		{7B280E5F-ABA8-4AD5-A138-7B820FB10B3F} = {C217720D-73F7-4639-A370-D7F30147DEC0}
		{C7FFC6EA-0857-4AE2-9BA6-A0B775C2AC62} = {5D9B740D-1B86-406B-A3B4-A13EA4485F44}
		{3DE757B1-4BE7-48E9-BF44-585AAC801D0F} = {C217720D-73F7-4639-A370-D7F30147DEC0}
		{489BB790-226C-4FAD-8D1E-51D72A7FF8E5} = {5D9B740D-1B86-406B-A3B4-A13EA4485F44}
		{6DEFD084-3627-47DC-8FF9-438E155C82FE} = {17E680C0-7C92-462C-8869-F67EEE313F9B}
		{B79EAD11-E42D-4C37-BF3D-1CB6AC861719} = {7A550AF4-65EA-4209-8808-ADFC2FC294A9}
		{CFC089C9-6C04-4035-983B-13369B311EC7} = {7A550AF4-65EA-4209-8808-ADFC2FC294A9}
		{74F6CFD8-550C-44F1-B3E4-910E57F5B604} = {5D9B740D-1B86-406B-A3B4-A13EA4485F44}
		{03FA4357-2435-4B4F-B956-D6EC454DF880} = {C70DAB71-276C-4F28-855C-F3C2E5AA61EC}
		{546E6400-8FB0-4642-B286-9CE2BF9F320A} = {C217720D-73F7-4639-A370-D7F30147DEC0}
		{3B0C7EE3-9613-4864-B952-9796F185F01D} = {C70DAB71-276C-4F28-855C-F3C2E5AA61EC}
		{26D0277E-A471-424D-8CFB-D8B4CB784505} = {C70DAB71-276C-4F28-855C-F3C2E5AA61EC}
		{491C0AE8-EDB9-4266-B0E6-1E0C4DE1F458} = {C70DAB71-276C-4F28-855C-F3C2E5AA61EC}
		{B8016EA9-B183-4023-A038-EA6E4657AF6D} = {C70DAB71-276C-4F28-855C-F3C2E5AA61EC}
		{ABE090D3-C134-47FE-8573-F85A48386D56} = {C70DAB71-276C-4F28-855C-F3C2E5AA61EC}
		{6DD4C9C1-F2F1-48BD-94F6-1A4F0DC2217C} = {344A7456-E538-48A4-A33D-778B0A035448}
		{30AF00B3-B30C-4A6C-8DE5-089126BBCFFC} = {C70DAB71-276C-4F28-855C-F3C2E5AA61EC}
		{B9530735-191F-42BB-83D0-329D3072EA4B} = {344A7456-E538-48A4-A33D-778B0A035448}
		{DA40E644-5B21-4406-A264-4408112EED75} = {344A7456-E538-48A4-A33D-778B0A035448}
		{588C1BEE-2456-43CE-A0E3-7E0A5C667830} = {344A7456-E538-48A4-A33D-778B0A035448}
		{8C377CB8-0E6C-4FAE-89F6-3C48119D66E1} = {344A7456-E538-48A4-A33D-778B0A035448}
		{A507487E-452B-402C-ACB5-B0BBD2DAE4A8} = {344A7456-E538-48A4-A33D-778B0A035448}
		{D6E16F81-E963-4F66-A426-2C85E519C7EA} = {344A7456-E538-48A4-A33D-778B0A035448}
		{C3B3A5A5-E733-40F3-BF5F-BA7A047A6D1F} = {344A7456-E538-48A4-A33D-778B0A035448}
		{B8473857-0BAE-40B0-9DC1-17D113C8FCF5} = {344A7456-E538-48A4-A33D-778B0A035448}
		{5A98F180-39A3-4FF1-860F-01AEB2D90A1C} = {344A7456-E538-48A4-A33D-778B0A035448}
		{4AFDA95F-75B3-43A6-929B-21C736680FF1} = {344A7456-E538-48A4-A33D-778B0A035448}
		{B7C06EE4-6B7E-40D4-91D9-5B6D2D2E3072} = {344A7456-E538-48A4-A33D-778B0A035448}
		{2D91F5B2-EA61-410A-9984-DA11AD4DF4BA} = {344A7456-E538-48A4-A33D-778B0A035448}
		{062A52E2-E67B-4BA3-8FD1-E781422ABFDF} = {344A7456-E538-48A4-A33D-778B0A035448}
		{27DE9997-344E-4AEF-8937-90595653FC78} = {344A7456-E538-48A4-A33D-778B0A035448}
		{379A6CD7-976C-4E52-B793-5EBC55AE03A3} = {344A7456-E538-48A4-A33D-778B0A035448}
		{2A19844C-4E85-45AF-AABF-570943C63053} = {344A7456-E538-48A4-A33D-778B0A035448}
		{2E1AF06D-4543-4D11-910D-35CC53890F7B} = {344A7456-E538-48A4-A33D-778B0A035448}
		{761F0066-611A-46D1-AE29-1EB92F051CD4} = {D9D131D4-3788-44DC-96F8-E4E818F7D906}
		{64F99E30-59CC-494D-81AE-82D6230A29AB} = {823A42C3-1EBC-43C8-A875-24833CA6EDB9}
		{E9CC40AA-6614-4BCD-9DF1-B2DADCE6DF19} = {823A42C3-1EBC-43C8-A875-24833CA6EDB9}
		{C4C9D37B-0E15-4B1E-A5DA-8A49EAD9AC39} = {823A42C3-1EBC-43C8-A875-24833CA6EDB9}
		{AEDCBF84-FDB3-4ECD-8D6F-3A05E17516A9} = {C70DAB71-276C-4F28-855C-F3C2E5AA61EC}
		{4043AD18-DE2F-4505-A3FC-0BC1A62FC497} = {C70DAB71-276C-4F28-855C-F3C2E5AA61EC}
		{89BEBCE2-4591-431B-8975-E5BEF3084444} = {58778F78-0D5F-48CB-B2CE-2EDA08A8EC4B}
		{FDB919DF-9153-4871-B246-4BF76DC7CFC0} = {269C7015-CD5D-4415-84E0-3CCD62DB6B15}
		{3753F4C6-50EC-4132-8A62-0530D4B8FF9B} = {ADB565F5-162A-4075-B31F-8A7978948EAC}
		{3FC9C834-5596-43FB-BB48-2D6DC83E57FC} = {ADB565F5-162A-4075-B31F-8A7978948EAC}
		{ABB7639E-8970-412A-88C3-61B822F07172} = {C70DAB71-276C-4F28-855C-F3C2E5AA61EC}
		{19C3DD50-5476-458A-8D3D-1A3CDEE274E3} = {C70DAB71-276C-4F28-855C-F3C2E5AA61EC}
		{8FAA9261-F517-4191-8647-30A36DFB3017} = {C70DAB71-276C-4F28-855C-F3C2E5AA61EC}
		{C1DA39CC-9ACA-4FF2-9128-1CF8C8D5C67D} = {C70DAB71-276C-4F28-855C-F3C2E5AA61EC}
		{65FEC2D1-3DB4-4463-AC17-BD14AD285E76} = {C70DAB71-276C-4F28-855C-F3C2E5AA61EC}
		{7D68EAA7-4D0E-464F-A6CF-2C7B14AB7ED5} = {C70DAB71-276C-4F28-855C-F3C2E5AA61EC}
		{E9F471A0-9651-4BF9-B9E2-52827EA2092D} = {C70DAB71-276C-4F28-855C-F3C2E5AA61EC}
		{3517F8C9-3382-4678-837F-2A6414DF276A} = {C70DAB71-276C-4F28-855C-F3C2E5AA61EC}
		{94D7BC9C-E17A-4EE0-B9FE-6628D5CBE138} = {C70DAB71-276C-4F28-855C-F3C2E5AA61EC}
		{0737EDD6-2DDE-4CB2-B465-ABCFB045FA3F} = {C70DAB71-276C-4F28-855C-F3C2E5AA61EC}
		{29DD1B2B-11C0-440E-A791-6E7FB20D3EB7} = {C70DAB71-276C-4F28-855C-F3C2E5AA61EC}
		{7CD9FA7F-DBF3-441F-9036-DEAEB25045E0} = {C70DAB71-276C-4F28-855C-F3C2E5AA61EC}
		{D6C770F1-8237-4FE3-A0D9-CEE0AF39DB6A} = {C70DAB71-276C-4F28-855C-F3C2E5AA61EC}
		{BA6E8F51-8E0D-43CF-A80A-CA114B6D4DFB} = {C70DAB71-276C-4F28-855C-F3C2E5AA61EC}
		{2FBF813D-00C4-417F-ABB2-02C7EF054207} = {C70DAB71-276C-4F28-855C-F3C2E5AA61EC}
		{6686615E-049D-4268-B063-0A6AD5276BFC} = {C70DAB71-276C-4F28-855C-F3C2E5AA61EC}
		{828111AA-D04C-4221-8361-7BF81FC7CC32} = {C70DAB71-276C-4F28-855C-F3C2E5AA61EC}
		{83ECE3E8-6B8E-49C7-905F-257D65B5EAAA} = {C70DAB71-276C-4F28-855C-F3C2E5AA61EC}
		{545EC25C-A77A-493C-A258-7DF922B5F9F8} = {C70DAB71-276C-4F28-855C-F3C2E5AA61EC}
		{5B95B2AC-3A96-47F8-96F6-947B76BBCF80} = {C70DAB71-276C-4F28-855C-F3C2E5AA61EC}
		{C234A8ED-2069-4ED4-BF38-5B6337526B6A} = {C70DAB71-276C-4F28-855C-F3C2E5AA61EC}
		{829CB169-F0DF-435D-8CD0-81B15AADEE39} = {C70DAB71-276C-4F28-855C-F3C2E5AA61EC}
		{BD1A5666-058B-4B7F-8C29-E85AA543CF1B} = {C70DAB71-276C-4F28-855C-F3C2E5AA61EC}
		{4D602CFF-86B7-4C8E-B001-351823243DAE} = {C70DAB71-276C-4F28-855C-F3C2E5AA61EC}
		{F9282F6D-B777-480B-A20D-4A41CD53D079} = {C70DAB71-276C-4F28-855C-F3C2E5AA61EC}
		{36635AFB-FAE4-401E-A416-52B7C9873E8F} = {C70DAB71-276C-4F28-855C-F3C2E5AA61EC}
		{616A5A74-E10F-4383-A336-3F4FC4617F34} = {C70DAB71-276C-4F28-855C-F3C2E5AA61EC}
		{CF912633-9EA9-4C96-ABF9-B612CBE537EA} = {C70DAB71-276C-4F28-855C-F3C2E5AA61EC}
		{E8E4B0B1-3A48-4C6E-879B-349DC5951BDE} = {1D3E13DF-FBE6-44C2-A82F-C86692C6D4B5}
		{220E96FC-24CB-485E-AA8E-EE068E0A9687} = {1D3E13DF-FBE6-44C2-A82F-C86692C6D4B5}
		{C91A53BD-E82A-489F-AF82-3230A458CA1C} = {C70DAB71-276C-4F28-855C-F3C2E5AA61EC}
		{F3DB1CC3-BBB3-4A98-AD75-E860944CD31A} = {C70DAB71-276C-4F28-855C-F3C2E5AA61EC}
		{3AB72308-664F-42A2-878B-EE65BA343ABB} = {C70DAB71-276C-4F28-855C-F3C2E5AA61EC}
		{B94413C4-238F-42DB-AE16-E0D478E9797E} = {C70DAB71-276C-4F28-855C-F3C2E5AA61EC}
		{BF7480D8-E9CE-4B31-A295-B106FC24CD38} = {C70DAB71-276C-4F28-855C-F3C2E5AA61EC}
		{641FB192-0B2E-4C59-9F9B-99839D6E7C5D} = {C70DAB71-276C-4F28-855C-F3C2E5AA61EC}
		{E2E7CEC6-A6A3-4306-A60B-533B271E52BD} = {C70DAB71-276C-4F28-855C-F3C2E5AA61EC}
		{76A55620-ACB4-41CD-BB5F-50E16417C04A} = {C70DAB71-276C-4F28-855C-F3C2E5AA61EC}
		{E67217B3-4CB2-4F0C-894C-369BBD125411} = {C70DAB71-276C-4F28-855C-F3C2E5AA61EC}
		{998C70D7-4DE0-4CDE-A136-B06D64C3C554} = {C70DAB71-276C-4F28-855C-F3C2E5AA61EC}
		{79A1F939-FEA7-4927-ADB5-09E6175FFDD4} = {C70DAB71-276C-4F28-855C-F3C2E5AA61EC}
		{0976AA9A-3681-4798-970A-E39287B4A35F} = {C70DAB71-276C-4F28-855C-F3C2E5AA61EC}
		{6C296692-EC4D-420A-8116-4549673E4658} = {C70DAB71-276C-4F28-855C-F3C2E5AA61EC}
		{873B42CE-BD41-4DEC-AE68-CFE671C76844} = {C70DAB71-276C-4F28-855C-F3C2E5AA61EC}
		{85E9C8F4-4B11-4452-9BBE-C88D90B6C75E} = {C70DAB71-276C-4F28-855C-F3C2E5AA61EC}
		{5C2FCCF8-AEF5-4961-A566-18A0E57EF5A9} = {C70DAB71-276C-4F28-855C-F3C2E5AA61EC}
		{6463F38F-F768-4AC8-AA60-2E63B7F2E396} = {C70DAB71-276C-4F28-855C-F3C2E5AA61EC}
		{A81B3421-B0D7-4EF9-B850-32F0FB66FCC0} = {C70DAB71-276C-4F28-855C-F3C2E5AA61EC}
		{0982CEF4-048F-476C-8B62-102B4CD6BC87} = {C70DAB71-276C-4F28-855C-F3C2E5AA61EC}
	EndGlobalSection
	GlobalSection(ExtensibilityGlobals) = postSolution
		SolutionGuid = {3C58FD0B-C4A3-49D3-9ECD-0D21FE6FF8B4}
	EndGlobalSection
EndGlobal
