
Microsoft Visual Studio Solution File, Format Version 12.00
# Visual Studio 15
VisualStudioVersion = 15.0.27428.2043
MinimumVisualStudioVersion = 10.0.40219.1
Project("{FAE04EC0-301F-11D3-BF4B-00C04F79EFBC}") = "Lxsh.Project.Web", "Lxsh.Project.Web\Lxsh.Project.Web.csproj", "{4FD7D595-8FCE-44C9-8BB3-67500834770F}"
EndProject
Project("{FAE04EC0-301F-11D3-BF4B-00C04F79EFBC}") = "Lxsh.Project.Common", "Lxsh.Project.Common\Lxsh.Project.Common.csproj", "{F3D3FF1E-4242-402B-8E64-03B082A80E29}"
EndProject
Project("{FAE04EC0-301F-11D3-BF4B-00C04F79EFBC}") = "Lxsh.Project.Bussiness.Service", "Lxsh.Project.Bussiness.Service\Lxsh.Project.Bussiness.Service.csproj", "{54C0C5CB-092A-49D0-BD6A-A777F6F9609E}"
EndProject
Project("{FAE04EC0-301F-11D3-BF4B-00C04F79EFBC}") = "Lxsh.Project.Bussiness.Interface", "Lxsh.Project.Bussiness.Interface\Lxsh.Project.Bussiness.Interface.csproj", "{AF61FC13-C7EC-4F51-9EB6-91C3ECF16814}"
EndProject
Project("{FAE04EC0-301F-11D3-BF4B-00C04F79EFBC}") = "Lxsh.Project.Common.Web", "Lxsh.Project.Common.Web\Lxsh.Project.Common.Web.csproj", "{7B280E5F-ABA8-4AD5-A138-7B820FB10B3F}"
EndProject
Project("{FAE04EC0-301F-11D3-BF4B-00C04F79EFBC}") = "Lxsh.Project.Model", "Lxsh.Project.Model\Lxsh.Project.Model.csproj", "{C7FFC6EA-0857-4AE2-9BA6-A0B775C2AC62}"
EndProject
Project("{FAE04EC0-301F-11D3-BF4B-00C04F79EFBC}") = "Lxsh.Project.Common.Redis", "Lxsh.Project.Common.Redis\Lxsh.Project.Common.Redis.csproj", "{3DE757B1-4BE7-48E9-BF44-585AAC801D0F}"
EndProject
Project("{FAE04EC0-301F-11D3-BF4B-00C04F79EFBC}") = "SqlSugar", "SqlSugar\SqlSugar.csproj", "{489BB790-226C-4FAD-8D1E-51D72A7FF8E5}"
EndProject
Project("{FAE04EC0-301F-11D3-BF4B-00C04F79EFBC}") = "Lxsh.Project.UnitTest", "Lxsh.Project.UnitTest\Lxsh.Project.UnitTest.csproj", "{6DEFD084-3627-47DC-8FF9-438E155C82FE}"
EndProject
Project("{2150E333-8FDC-42A3-9474-1A3956D46DE8}") = "03 Common 基础结构层", "03 Common 基础结构层", "{C217720D-73F7-4639-A370-D7F30147DEC0}"
EndProject
Project("{2150E333-8FDC-42A3-9474-1A3956D46DE8}") = "01 Web 应用程序", "01 Web 应用程序", "{17E680C0-7C92-462C-8869-F67EEE313F9B}"
EndProject
Project("{2150E333-8FDC-42A3-9474-1A3956D46DE8}") = "02 Service 应用服务", "02 Service 应用服务", "{5D9B740D-1B86-406B-A3B4-A13EA4485F44}"
EndProject
Project("{2150E333-8FDC-42A3-9474-1A3956D46DE8}") = "04 SSO 统一身份认证登录", "04 SSO 统一身份认证登录", "{7A550AF4-65EA-4209-8808-ADFC2FC294A9}"
EndProject
Project("{FAE04EC0-301F-11D3-BF4B-00C04F79EFBC}") = "Lxsh.Project.SSOLoginCenter", "Lxsh.Project.SSOLoginCenter\Lxsh.Project.SSOLoginCenter.csproj", "{B79EAD11-E42D-4C37-BF3D-1CB6AC861719}"
EndProject
Project("{FAE04EC0-301F-11D3-BF4B-00C04F79EFBC}") = "Lxsh.Project.SSOClientDemo", "Lxsh.Project.SSOClientDemo\Lxsh.Project.SSOClientDemo.csproj", "{CFC089C9-6C04-4035-983B-13369B311EC7}"
EndProject
Project("{FAE04EC0-301F-11D3-BF4B-00C04F79EFBC}") = "Lxsh.Project.SqlDemo", "Lxsh.Project.SqlDemo\Lxsh.Project.SqlDemo.csproj", "{74F6CFD8-550C-44F1-B3E4-910E57F5B604}"
EndProject
Project("{FAE04EC0-301F-11D3-BF4B-00C04F79EFBC}") = "Lxsh.Project.Demo", "Lxsh.Project.Demo\Lxsh.Project.Demo.csproj", "{03FA4357-2435-4B4F-B956-D6EC454DF880}"
EndProject
Project("{2150E333-8FDC-42A3-9474-1A3956D46DE8}") = "05 演示Demo", "05 演示Demo", "{C70DAB71-276C-4F28-855C-F3C2E5AA61EC}"
EndProject
Project("{FAE04EC0-301F-11D3-BF4B-00C04F79EFBC}") = "Lxsh.Project.Common.RabbitMQ", "Lxsh.Project.Common.RabbitMQ\Lxsh.Project.Common.RabbitMQ.csproj", "{546E6400-8FB0-4642-B286-9CE2BF9F320A}"
EndProject
Project("{FAE04EC0-301F-11D3-BF4B-00C04F79EFBC}") = "Lxsh.Project.Common.RabbbitMQ.Demo", "Lxsh.Project.Common.RabbbitMQ.Demo\Lxsh.Project.Common.RabbbitMQ.Demo.csproj", "{3B0C7EE3-9613-4864-B952-9796F185F01D}"
EndProject
Project("{FAE04EC0-301F-11D3-BF4B-00C04F79EFBC}") = "Lxsh.Project.WebSocket.Demo", "Lxsh.Project.WebSocket.Demo\Lxsh.Project.WebSocket.Demo.csproj", "{26D0277E-A471-424D-8CFB-D8B4CB784505}"
EndProject
Project("{FAE04EC0-301F-11D3-BF4B-00C04F79EFBC}") = "Lxsh.Project.WebSocketServerTest", "Lxsh.Project.WebSocketServerTest\Lxsh.Project.WebSocketServerTest.csproj", "{491C0AE8-EDB9-4266-B0E6-1E0C4DE1F458}"
EndProject
Project("{FAE04EC0-301F-11D3-BF4B-00C04F79EFBC}") = "Lxsh.Project.Quartz.Demo", "Lxsh.Project.Quartz.Demo\Lxsh.Project.Quartz.Demo.csproj", "{B8016EA9-B183-4023-A038-EA6E4657AF6D}"
EndProject
Project("{9A19103F-16F7-4668-BE54-9A1E7A4F7556}") = "Lxsh.Project.AutoMapper.Demo", "Lxsh.Project.AutoMapper.Demo\Lxsh.Project.AutoMapper.Demo.csproj", "{ABE090D3-C134-47FE-8573-F85A48386D56}"
EndProject
Project("{2150E333-8FDC-42A3-9474-1A3956D46DE8}") = "06 设计模式", "06 设计模式", "{344A7456-E538-48A4-A33D-778B0A035448}"
EndProject
Project("{9A19103F-16F7-4668-BE54-9A1E7A4F7556}") = "Lxsh.Project.DesignPattern_Simplefactory", "Lxsh.Project.DesignPattern_Simplefactory\Lxsh.Project.DesignPattern_Simplefactory.csproj", "{6DD4C9C1-F2F1-48BD-94F6-1A4F0DC2217C}"
EndProject
Project("{FAE04EC0-301F-11D3-BF4B-00C04F79EFBC}") = "Lxsh.Project.Dapper.Demo", "Lxsh.Project.Dapper.Demo\Lxsh.Project.Dapper.Demo.csproj", "{30AF00B3-B30C-4A6C-8DE5-089126BBCFFC}"
EndProject
Project("{FAE04EC0-301F-11D3-BF4B-00C04F79EFBC}") = "Lxsh.Project.DesignPattern_TemplateMethod", "Lxsh.Project.DesignPattern_TemplateMethod\Lxsh.Project.DesignPattern_TemplateMethod.csproj", "{B9530735-191F-42BB-83D0-329D3072EA4B}"
EndProject
Project("{FAE04EC0-301F-11D3-BF4B-00C04F79EFBC}") = "Lxsh.Project.DesignPattern_Iterator", "Lxsh.Project.DesignPattern_Iterator\Lxsh.Project.DesignPattern_Iterator.csproj", "{DA40E644-5B21-4406-A264-4408112EED75}"
EndProject
Project("{FAE04EC0-301F-11D3-BF4B-00C04F79EFBC}") = "Lxsh.Project.DesignPattern_TSingleton", "Lxsh.Project.DesignPattern_TSingleton\Lxsh.Project.DesignPattern_TSingleton.csproj", "{588C1BEE-2456-43CE-A0E3-7E0A5C667830}"
EndProject
Project("{FAE04EC0-301F-11D3-BF4B-00C04F79EFBC}") = "Lxsh.Project.DesignPattern_Prototype", "Lxsh.Project.DesignPattern_Prototype\Lxsh.Project.DesignPattern_Prototype.csproj", "{8C377CB8-0E6C-4FAE-89F6-3C48119D66E1}"
EndProject
Project("{FAE04EC0-301F-11D3-BF4B-00C04F79EFBC}") = "Lxsh.Project.DesignPattern_Proxy", "Lxsh.Project.DesignPattern_Proxy\Lxsh.Project.DesignPattern_Proxy.csproj", "{A507487E-452B-402C-ACB5-B0BBD2DAE4A8}"
EndProject
Project("{FAE04EC0-301F-11D3-BF4B-00C04F79EFBC}") = "Lxsh.Project.DesignPattern_Filter", "Lxsh.Project.DesignPattern_Filter\Lxsh.Project.DesignPattern_Filter.csproj", "{D6E16F81-E963-4F66-A426-2C85E519C7EA}"
EndProject
Project("{FAE04EC0-301F-11D3-BF4B-00C04F79EFBC}") = "Lxsh.Project.DesignPattern_Strategy", "Lxsh.Project.DesignPattern_Strategy\Lxsh.Project.DesignPattern_Strategy.csproj", "{C3B3A5A5-E733-40F3-BF5F-BA7A047A6D1F}"
EndProject
Project("{FAE04EC0-301F-11D3-BF4B-00C04F79EFBC}") = "Lxsh.Project.DesignPattern_Obsever", "Lxsh.Project.DesignPattern_Obsever\Lxsh.Project.DesignPattern_Obsever.csproj", "{B8473857-0BAE-40B0-9DC1-17D113C8FCF5}"
EndProject
Project("{FAE04EC0-301F-11D3-BF4B-00C04F79EFBC}") = "Lxsh.Project.DesignPattern_Builder", "Lxsh.Project.DesignPattern_Builder\Lxsh.Project.DesignPattern_Builder.csproj", "{5A98F180-39A3-4FF1-860F-01AEB2D90A1C}"
EndProject
Project("{FAE04EC0-301F-11D3-BF4B-00C04F79EFBC}") = "Lxsh.Project.DesignPattern_Memento", "Lxsh.Project.DesignPattern_Memento\Lxsh.Project.DesignPattern_Memento.csproj", "{4AFDA95F-75B3-43A6-929B-21C736680FF1}"
EndProject
Project("{FAE04EC0-301F-11D3-BF4B-00C04F79EFBC}") = "Lxsh.Project.DesignPattern_Mediator", "Lxsh.Project.DesignPattern_Mediator\Lxsh.Project.DesignPattern_Mediator.csproj", "{B7C06EE4-6B7E-40D4-91D9-5B6D2D2E3072}"
EndProject
Project("{FAE04EC0-301F-11D3-BF4B-00C04F79EFBC}") = "Lxsh.Project.DesignPattern_Command", "Lxsh.Project.DesignPattern_Comand\Lxsh.Project.DesignPattern_Command.csproj", "{2D91F5B2-EA61-410A-9984-DA11AD4DF4BA}"
EndProject
Project("{FAE04EC0-301F-11D3-BF4B-00C04F79EFBC}") = "Lxsh.Project.DesignPattern_State", "Lxsh.Project.DesignPattern_State\Lxsh.Project.DesignPattern_State.csproj", "{062A52E2-E67B-4BA3-8FD1-E781422ABFDF}"
EndProject
Project("{FAE04EC0-301F-11D3-BF4B-00C04F79EFBC}") = "Lxsh.Project.DesignPattern_Chain", "Lxsh.Project.DesignPattern_Chain\Lxsh.Project.DesignPattern_Chain.csproj", "{27DE9997-344E-4AEF-8937-90595653FC78}"
EndProject
Project("{FAE04EC0-301F-11D3-BF4B-00C04F79EFBC}") = "Lxsh.Project.DesignPattern_ Bridge", "Lxsh.Project.DesignPattern_ Bridge\Lxsh.Project.DesignPattern_ Bridge.csproj", "{379A6CD7-976C-4E52-B793-5EBC55AE03A3}"
EndProject
Project("{FAE04EC0-301F-11D3-BF4B-00C04F79EFBC}") = "Lxsh.Project.DesignPattern_ Decorator", "Lxsh.Project.DesignPattern_ Decorator\Lxsh.Project.DesignPattern_ Decorator.csproj", "{2A19844C-4E85-45AF-AABF-570943C63053}"
EndProject
Project("{FAE04EC0-301F-11D3-BF4B-00C04F79EFBC}") = "Lxsh.Project.DesignPattern_ Component", "Lxsh.Project.DesignPattern_ Component\Lxsh.Project.DesignPattern_ Component.csproj", "{2E1AF06D-4543-4D11-910D-35CC53890F7B}"
EndProject
Project("{2150E333-8FDC-42A3-9474-1A3956D46DE8}") = "07 仓储模式", "07 仓储模式", "{D9D131D4-3788-44DC-96F8-E4E818F7D906}"
EndProject
Project("{FAE04EC0-301F-11D3-BF4B-00C04F79EFBC}") = "Lxsh.Project.Repository", "Lxsh.Project.Repository\Lxsh.Project.Repository.csproj", "{761F0066-611A-46D1-AE29-1EB92F051CD4}"
EndProject
Project("{2150E333-8FDC-42A3-9474-1A3956D46DE8}") = "08 WCF", "08 WCF", "{823A42C3-1EBC-43C8-A875-24833CA6EDB9}"
EndProject
Project("{FAE04EC0-301F-11D3-BF4B-00C04F79EFBC}") = "Lxsh.Project.WcfServer", "Lxsh.Project.WCFService\Lxsh.Project.WcfServer.csproj", "{64F99E30-59CC-494D-81AE-82D6230A29AB}"
EndProject
Project("{FAE04EC0-301F-11D3-BF4B-00C04F79EFBC}") = "Lxsh.Project.WcfClient", "Lxsh.Project.WcfClient\Lxsh.Project.WcfClient.csproj", "{E9CC40AA-6614-4BCD-9DF1-B2DADCE6DF19}"
EndProject
Project("{FAE04EC0-301F-11D3-BF4B-00C04F79EFBC}") = "Lxsh.Project.WcfServiceLib", "Lxsh.Project.WcfServiceLib\Lxsh.Project.WcfServiceLib.csproj", "{C4C9D37B-0E15-4B1E-A5DA-8A49EAD9AC39}"
EndProject
Project("{FAE04EC0-301F-11D3-BF4B-00C04F79EFBC}") = "Lxsh.Project.Thread.Demo", "Lxsh.Project.Thread.Demo\Lxsh.Project.Thread.Demo.csproj", "{AEDCBF84-FDB3-4ECD-8D6F-3A05E17516A9}"
EndProject
Global
	GlobalSection(SolutionConfigurationPlatforms) = preSolution
		Debug|Any CPU = Debug|Any CPU
		Release|Any CPU = Release|Any CPU
	EndGlobalSection
	GlobalSection(ProjectConfigurationPlatforms) = postSolution
		{4FD7D595-8FCE-44C9-8BB3-67500834770F}.Debug|Any CPU.ActiveCfg = Debug|Any CPU
		{4FD7D595-8FCE-44C9-8BB3-67500834770F}.Debug|Any CPU.Build.0 = Debug|Any CPU
		{4FD7D595-8FCE-44C9-8BB3-67500834770F}.Release|Any CPU.ActiveCfg = Release|Any CPU
		{4FD7D595-8FCE-44C9-8BB3-67500834770F}.Release|Any CPU.Build.0 = Release|Any CPU
		{F3D3FF1E-4242-402B-8E64-03B082A80E29}.Debug|Any CPU.ActiveCfg = Debug|Any CPU
		{F3D3FF1E-4242-402B-8E64-03B082A80E29}.Debug|Any CPU.Build.0 = Debug|Any CPU
		{F3D3FF1E-4242-402B-8E64-03B082A80E29}.Release|Any CPU.ActiveCfg = Release|Any CPU
		{F3D3FF1E-4242-402B-8E64-03B082A80E29}.Release|Any CPU.Build.0 = Release|Any CPU
		{54C0C5CB-092A-49D0-BD6A-A777F6F9609E}.Debug|Any CPU.ActiveCfg = Debug|Any CPU
		{54C0C5CB-092A-49D0-BD6A-A777F6F9609E}.Debug|Any CPU.Build.0 = Debug|Any CPU
		{54C0C5CB-092A-49D0-BD6A-A777F6F9609E}.Release|Any CPU.ActiveCfg = Release|Any CPU
		{54C0C5CB-092A-49D0-BD6A-A777F6F9609E}.Release|Any CPU.Build.0 = Release|Any CPU
		{AF61FC13-C7EC-4F51-9EB6-91C3ECF16814}.Debug|Any CPU.ActiveCfg = Debug|Any CPU
		{AF61FC13-C7EC-4F51-9EB6-91C3ECF16814}.Debug|Any CPU.Build.0 = Debug|Any CPU
		{AF61FC13-C7EC-4F51-9EB6-91C3ECF16814}.Release|Any CPU.ActiveCfg = Release|Any CPU
		{AF61FC13-C7EC-4F51-9EB6-91C3ECF16814}.Release|Any CPU.Build.0 = Release|Any CPU
		{7B280E5F-ABA8-4AD5-A138-7B820FB10B3F}.Debug|Any CPU.ActiveCfg = Debug|Any CPU
		{7B280E5F-ABA8-4AD5-A138-7B820FB10B3F}.Debug|Any CPU.Build.0 = Debug|Any CPU
		{7B280E5F-ABA8-4AD5-A138-7B820FB10B3F}.Release|Any CPU.ActiveCfg = Release|Any CPU
		{7B280E5F-ABA8-4AD5-A138-7B820FB10B3F}.Release|Any CPU.Build.0 = Release|Any CPU
		{C7FFC6EA-0857-4AE2-9BA6-A0B775C2AC62}.Debug|Any CPU.ActiveCfg = Debug|Any CPU
		{C7FFC6EA-0857-4AE2-9BA6-A0B775C2AC62}.Debug|Any CPU.Build.0 = Debug|Any CPU
		{C7FFC6EA-0857-4AE2-9BA6-A0B775C2AC62}.Release|Any CPU.ActiveCfg = Release|Any CPU
		{C7FFC6EA-0857-4AE2-9BA6-A0B775C2AC62}.Release|Any CPU.Build.0 = Release|Any CPU
		{3DE757B1-4BE7-48E9-BF44-585AAC801D0F}.Debug|Any CPU.ActiveCfg = Debug|Any CPU
		{3DE757B1-4BE7-48E9-BF44-585AAC801D0F}.Debug|Any CPU.Build.0 = Debug|Any CPU
		{3DE757B1-4BE7-48E9-BF44-585AAC801D0F}.Release|Any CPU.ActiveCfg = Release|Any CPU
		{3DE757B1-4BE7-48E9-BF44-585AAC801D0F}.Release|Any CPU.Build.0 = Release|Any CPU
		{489BB790-226C-4FAD-8D1E-51D72A7FF8E5}.Debug|Any CPU.ActiveCfg = Debug|Any CPU
		{489BB790-226C-4FAD-8D1E-51D72A7FF8E5}.Debug|Any CPU.Build.0 = Debug|Any CPU
		{489BB790-226C-4FAD-8D1E-51D72A7FF8E5}.Release|Any CPU.ActiveCfg = Release|Any CPU
		{489BB790-226C-4FAD-8D1E-51D72A7FF8E5}.Release|Any CPU.Build.0 = Release|Any CPU
		{6DEFD084-3627-47DC-8FF9-438E155C82FE}.Debug|Any CPU.ActiveCfg = Debug|Any CPU
		{6DEFD084-3627-47DC-8FF9-438E155C82FE}.Debug|Any CPU.Build.0 = Debug|Any CPU
		{6DEFD084-3627-47DC-8FF9-438E155C82FE}.Release|Any CPU.ActiveCfg = Release|Any CPU
		{6DEFD084-3627-47DC-8FF9-438E155C82FE}.Release|Any CPU.Build.0 = Release|Any CPU
		{B79EAD11-E42D-4C37-BF3D-1CB6AC861719}.Debug|Any CPU.ActiveCfg = Debug|Any CPU
		{B79EAD11-E42D-4C37-BF3D-1CB6AC861719}.Debug|Any CPU.Build.0 = Debug|Any CPU
		{B79EAD11-E42D-4C37-BF3D-1CB6AC861719}.Release|Any CPU.ActiveCfg = Release|Any CPU
		{B79EAD11-E42D-4C37-BF3D-1CB6AC861719}.Release|Any CPU.Build.0 = Release|Any CPU
		{CFC089C9-6C04-4035-983B-13369B311EC7}.Debug|Any CPU.ActiveCfg = Debug|Any CPU
		{CFC089C9-6C04-4035-983B-13369B311EC7}.Debug|Any CPU.Build.0 = Debug|Any CPU
		{CFC089C9-6C04-4035-983B-13369B311EC7}.Release|Any CPU.ActiveCfg = Release|Any CPU
		{CFC089C9-6C04-4035-983B-13369B311EC7}.Release|Any CPU.Build.0 = Release|Any CPU
		{74F6CFD8-550C-44F1-B3E4-910E57F5B604}.Debug|Any CPU.ActiveCfg = Debug|Any CPU
		{74F6CFD8-550C-44F1-B3E4-910E57F5B604}.Debug|Any CPU.Build.0 = Debug|Any CPU
		{74F6CFD8-550C-44F1-B3E4-910E57F5B604}.Release|Any CPU.ActiveCfg = Release|Any CPU
		{74F6CFD8-550C-44F1-B3E4-910E57F5B604}.Release|Any CPU.Build.0 = Release|Any CPU
		{03FA4357-2435-4B4F-B956-D6EC454DF880}.Debug|Any CPU.ActiveCfg = Debug|Any CPU
		{03FA4357-2435-4B4F-B956-D6EC454DF880}.Debug|Any CPU.Build.0 = Debug|Any CPU
		{03FA4357-2435-4B4F-B956-D6EC454DF880}.Release|Any CPU.ActiveCfg = Release|Any CPU
		{03FA4357-2435-4B4F-B956-D6EC454DF880}.Release|Any CPU.Build.0 = Release|Any CPU
		{546E6400-8FB0-4642-B286-9CE2BF9F320A}.Debug|Any CPU.ActiveCfg = Debug|Any CPU
		{546E6400-8FB0-4642-B286-9CE2BF9F320A}.Debug|Any CPU.Build.0 = Debug|Any CPU
		{546E6400-8FB0-4642-B286-9CE2BF9F320A}.Release|Any CPU.ActiveCfg = Release|Any CPU
		{546E6400-8FB0-4642-B286-9CE2BF9F320A}.Release|Any CPU.Build.0 = Release|Any CPU
		{3B0C7EE3-9613-4864-B952-9796F185F01D}.Debug|Any CPU.ActiveCfg = Debug|Any CPU
		{3B0C7EE3-9613-4864-B952-9796F185F01D}.Debug|Any CPU.Build.0 = Debug|Any CPU
		{3B0C7EE3-9613-4864-B952-9796F185F01D}.Release|Any CPU.ActiveCfg = Release|Any CPU
		{3B0C7EE3-9613-4864-B952-9796F185F01D}.Release|Any CPU.Build.0 = Release|Any CPU
		{26D0277E-A471-424D-8CFB-D8B4CB784505}.Debug|Any CPU.ActiveCfg = Debug|Any CPU
		{26D0277E-A471-424D-8CFB-D8B4CB784505}.Debug|Any CPU.Build.0 = Debug|Any CPU
		{26D0277E-A471-424D-8CFB-D8B4CB784505}.Release|Any CPU.ActiveCfg = Release|Any CPU
		{26D0277E-A471-424D-8CFB-D8B4CB784505}.Release|Any CPU.Build.0 = Release|Any CPU
		{491C0AE8-EDB9-4266-B0E6-1E0C4DE1F458}.Debug|Any CPU.ActiveCfg = Debug|Any CPU
		{491C0AE8-EDB9-4266-B0E6-1E0C4DE1F458}.Debug|Any CPU.Build.0 = Debug|Any CPU
		{491C0AE8-EDB9-4266-B0E6-1E0C4DE1F458}.Release|Any CPU.ActiveCfg = Release|Any CPU
		{491C0AE8-EDB9-4266-B0E6-1E0C4DE1F458}.Release|Any CPU.Build.0 = Release|Any CPU
		{B8016EA9-B183-4023-A038-EA6E4657AF6D}.Debug|Any CPU.ActiveCfg = Debug|Any CPU
		{B8016EA9-B183-4023-A038-EA6E4657AF6D}.Debug|Any CPU.Build.0 = Debug|Any CPU
		{B8016EA9-B183-4023-A038-EA6E4657AF6D}.Release|Any CPU.ActiveCfg = Release|Any CPU
		{B8016EA9-B183-4023-A038-EA6E4657AF6D}.Release|Any CPU.Build.0 = Release|Any CPU
		{ABE090D3-C134-47FE-8573-F85A48386D56}.Debug|Any CPU.ActiveCfg = Debug|Any CPU
		{ABE090D3-C134-47FE-8573-F85A48386D56}.Debug|Any CPU.Build.0 = Debug|Any CPU
		{ABE090D3-C134-47FE-8573-F85A48386D56}.Release|Any CPU.ActiveCfg = Release|Any CPU
		{ABE090D3-C134-47FE-8573-F85A48386D56}.Release|Any CPU.Build.0 = Release|Any CPU
		{6DD4C9C1-F2F1-48BD-94F6-1A4F0DC2217C}.Debug|Any CPU.ActiveCfg = Debug|Any CPU
		{6DD4C9C1-F2F1-48BD-94F6-1A4F0DC2217C}.Debug|Any CPU.Build.0 = Debug|Any CPU
		{6DD4C9C1-F2F1-48BD-94F6-1A4F0DC2217C}.Release|Any CPU.ActiveCfg = Release|Any CPU
		{6DD4C9C1-F2F1-48BD-94F6-1A4F0DC2217C}.Release|Any CPU.Build.0 = Release|Any CPU
		{30AF00B3-B30C-4A6C-8DE5-089126BBCFFC}.Debug|Any CPU.ActiveCfg = Debug|Any CPU
		{30AF00B3-B30C-4A6C-8DE5-089126BBCFFC}.Debug|Any CPU.Build.0 = Debug|Any CPU
		{30AF00B3-B30C-4A6C-8DE5-089126BBCFFC}.Release|Any CPU.ActiveCfg = Release|Any CPU
		{30AF00B3-B30C-4A6C-8DE5-089126BBCFFC}.Release|Any CPU.Build.0 = Release|Any CPU
		{B9530735-191F-42BB-83D0-329D3072EA4B}.Debug|Any CPU.ActiveCfg = Debug|Any CPU
		{B9530735-191F-42BB-83D0-329D3072EA4B}.Debug|Any CPU.Build.0 = Debug|Any CPU
		{B9530735-191F-42BB-83D0-329D3072EA4B}.Release|Any CPU.ActiveCfg = Release|Any CPU
		{B9530735-191F-42BB-83D0-329D3072EA4B}.Release|Any CPU.Build.0 = Release|Any CPU
		{DA40E644-5B21-4406-A264-4408112EED75}.Debug|Any CPU.ActiveCfg = Debug|Any CPU
		{DA40E644-5B21-4406-A264-4408112EED75}.Debug|Any CPU.Build.0 = Debug|Any CPU
		{DA40E644-5B21-4406-A264-4408112EED75}.Release|Any CPU.ActiveCfg = Release|Any CPU
		{DA40E644-5B21-4406-A264-4408112EED75}.Release|Any CPU.Build.0 = Release|Any CPU
		{588C1BEE-2456-43CE-A0E3-7E0A5C667830}.Debug|Any CPU.ActiveCfg = Debug|Any CPU
		{588C1BEE-2456-43CE-A0E3-7E0A5C667830}.Debug|Any CPU.Build.0 = Debug|Any CPU
		{588C1BEE-2456-43CE-A0E3-7E0A5C667830}.Release|Any CPU.ActiveCfg = Release|Any CPU
		{588C1BEE-2456-43CE-A0E3-7E0A5C667830}.Release|Any CPU.Build.0 = Release|Any CPU
		{8C377CB8-0E6C-4FAE-89F6-3C48119D66E1}.Debug|Any CPU.ActiveCfg = Debug|Any CPU
		{8C377CB8-0E6C-4FAE-89F6-3C48119D66E1}.Debug|Any CPU.Build.0 = Debug|Any CPU
		{8C377CB8-0E6C-4FAE-89F6-3C48119D66E1}.Release|Any CPU.ActiveCfg = Release|Any CPU
		{8C377CB8-0E6C-4FAE-89F6-3C48119D66E1}.Release|Any CPU.Build.0 = Release|Any CPU
		{A507487E-452B-402C-ACB5-B0BBD2DAE4A8}.Debug|Any CPU.ActiveCfg = Debug|Any CPU
		{A507487E-452B-402C-ACB5-B0BBD2DAE4A8}.Debug|Any CPU.Build.0 = Debug|Any CPU
		{A507487E-452B-402C-ACB5-B0BBD2DAE4A8}.Release|Any CPU.ActiveCfg = Release|Any CPU
		{A507487E-452B-402C-ACB5-B0BBD2DAE4A8}.Release|Any CPU.Build.0 = Release|Any CPU
		{D6E16F81-E963-4F66-A426-2C85E519C7EA}.Debug|Any CPU.ActiveCfg = Debug|Any CPU
		{D6E16F81-E963-4F66-A426-2C85E519C7EA}.Debug|Any CPU.Build.0 = Debug|Any CPU
		{D6E16F81-E963-4F66-A426-2C85E519C7EA}.Release|Any CPU.ActiveCfg = Release|Any CPU
		{D6E16F81-E963-4F66-A426-2C85E519C7EA}.Release|Any CPU.Build.0 = Release|Any CPU
		{C3B3A5A5-E733-40F3-BF5F-BA7A047A6D1F}.Debug|Any CPU.ActiveCfg = Debug|Any CPU
		{C3B3A5A5-E733-40F3-BF5F-BA7A047A6D1F}.Debug|Any CPU.Build.0 = Debug|Any CPU
		{C3B3A5A5-E733-40F3-BF5F-BA7A047A6D1F}.Release|Any CPU.ActiveCfg = Release|Any CPU
		{C3B3A5A5-E733-40F3-BF5F-BA7A047A6D1F}.Release|Any CPU.Build.0 = Release|Any CPU
		{B8473857-0BAE-40B0-9DC1-17D113C8FCF5}.Debug|Any CPU.ActiveCfg = Debug|Any CPU
		{B8473857-0BAE-40B0-9DC1-17D113C8FCF5}.Debug|Any CPU.Build.0 = Debug|Any CPU
		{B8473857-0BAE-40B0-9DC1-17D113C8FCF5}.Release|Any CPU.ActiveCfg = Release|Any CPU
		{B8473857-0BAE-40B0-9DC1-17D113C8FCF5}.Release|Any CPU.Build.0 = Release|Any CPU
		{5A98F180-39A3-4FF1-860F-01AEB2D90A1C}.Debug|Any CPU.ActiveCfg = Debug|Any CPU
		{5A98F180-39A3-4FF1-860F-01AEB2D90A1C}.Debug|Any CPU.Build.0 = Debug|Any CPU
		{5A98F180-39A3-4FF1-860F-01AEB2D90A1C}.Release|Any CPU.ActiveCfg = Release|Any CPU
		{5A98F180-39A3-4FF1-860F-01AEB2D90A1C}.Release|Any CPU.Build.0 = Release|Any CPU
		{4AFDA95F-75B3-43A6-929B-21C736680FF1}.Debug|Any CPU.ActiveCfg = Debug|Any CPU
		{4AFDA95F-75B3-43A6-929B-21C736680FF1}.Debug|Any CPU.Build.0 = Debug|Any CPU
		{4AFDA95F-75B3-43A6-929B-21C736680FF1}.Release|Any CPU.ActiveCfg = Release|Any CPU
		{4AFDA95F-75B3-43A6-929B-21C736680FF1}.Release|Any CPU.Build.0 = Release|Any CPU
		{B7C06EE4-6B7E-40D4-91D9-5B6D2D2E3072}.Debug|Any CPU.ActiveCfg = Debug|Any CPU
		{B7C06EE4-6B7E-40D4-91D9-5B6D2D2E3072}.Debug|Any CPU.Build.0 = Debug|Any CPU
		{B7C06EE4-6B7E-40D4-91D9-5B6D2D2E3072}.Release|Any CPU.ActiveCfg = Release|Any CPU
		{B7C06EE4-6B7E-40D4-91D9-5B6D2D2E3072}.Release|Any CPU.Build.0 = Release|Any CPU
		{2D91F5B2-EA61-410A-9984-DA11AD4DF4BA}.Debug|Any CPU.ActiveCfg = Debug|Any CPU
		{2D91F5B2-EA61-410A-9984-DA11AD4DF4BA}.Debug|Any CPU.Build.0 = Debug|Any CPU
		{2D91F5B2-EA61-410A-9984-DA11AD4DF4BA}.Release|Any CPU.ActiveCfg = Release|Any CPU
		{2D91F5B2-EA61-410A-9984-DA11AD4DF4BA}.Release|Any CPU.Build.0 = Release|Any CPU
		{062A52E2-E67B-4BA3-8FD1-E781422ABFDF}.Debug|Any CPU.ActiveCfg = Debug|Any CPU
		{062A52E2-E67B-4BA3-8FD1-E781422ABFDF}.Debug|Any CPU.Build.0 = Debug|Any CPU
		{062A52E2-E67B-4BA3-8FD1-E781422ABFDF}.Release|Any CPU.ActiveCfg = Release|Any CPU
		{062A52E2-E67B-4BA3-8FD1-E781422ABFDF}.Release|Any CPU.Build.0 = Release|Any CPU
		{27DE9997-344E-4AEF-8937-90595653FC78}.Debug|Any CPU.ActiveCfg = Debug|Any CPU
		{27DE9997-344E-4AEF-8937-90595653FC78}.Debug|Any CPU.Build.0 = Debug|Any CPU
		{27DE9997-344E-4AEF-8937-90595653FC78}.Release|Any CPU.ActiveCfg = Release|Any CPU
		{27DE9997-344E-4AEF-8937-90595653FC78}.Release|Any CPU.Build.0 = Release|Any CPU
		{379A6CD7-976C-4E52-B793-5EBC55AE03A3}.Debug|Any CPU.ActiveCfg = Debug|Any CPU
		{379A6CD7-976C-4E52-B793-5EBC55AE03A3}.Debug|Any CPU.Build.0 = Debug|Any CPU
		{379A6CD7-976C-4E52-B793-5EBC55AE03A3}.Release|Any CPU.ActiveCfg = Release|Any CPU
		{379A6CD7-976C-4E52-B793-5EBC55AE03A3}.Release|Any CPU.Build.0 = Release|Any CPU
		{2A19844C-4E85-45AF-AABF-570943C63053}.Debug|Any CPU.ActiveCfg = Debug|Any CPU
		{2A19844C-4E85-45AF-AABF-570943C63053}.Debug|Any CPU.Build.0 = Debug|Any CPU
		{2A19844C-4E85-45AF-AABF-570943C63053}.Release|Any CPU.ActiveCfg = Release|Any CPU
		{2A19844C-4E85-45AF-AABF-570943C63053}.Release|Any CPU.Build.0 = Release|Any CPU
		{2E1AF06D-4543-4D11-910D-35CC53890F7B}.Debug|Any CPU.ActiveCfg = Debug|Any CPU
		{2E1AF06D-4543-4D11-910D-35CC53890F7B}.Debug|Any CPU.Build.0 = Debug|Any CPU
		{2E1AF06D-4543-4D11-910D-35CC53890F7B}.Release|Any CPU.ActiveCfg = Release|Any CPU
		{2E1AF06D-4543-4D11-910D-35CC53890F7B}.Release|Any CPU.Build.0 = Release|Any CPU
		{761F0066-611A-46D1-AE29-1EB92F051CD4}.Debug|Any CPU.ActiveCfg = Debug|Any CPU
		{761F0066-611A-46D1-AE29-1EB92F051CD4}.Debug|Any CPU.Build.0 = Debug|Any CPU
		{761F0066-611A-46D1-AE29-1EB92F051CD4}.Release|Any CPU.ActiveCfg = Release|Any CPU
		{761F0066-611A-46D1-AE29-1EB92F051CD4}.Release|Any CPU.Build.0 = Release|Any CPU
		{64F99E30-59CC-494D-81AE-82D6230A29AB}.Debug|Any CPU.ActiveCfg = Debug|Any CPU
		{64F99E30-59CC-494D-81AE-82D6230A29AB}.Debug|Any CPU.Build.0 = Debug|Any CPU
		{64F99E30-59CC-494D-81AE-82D6230A29AB}.Release|Any CPU.ActiveCfg = Release|Any CPU
		{64F99E30-59CC-494D-81AE-82D6230A29AB}.Release|Any CPU.Build.0 = Release|Any CPU
		{E9CC40AA-6614-4BCD-9DF1-B2DADCE6DF19}.Debug|Any CPU.ActiveCfg = Debug|Any CPU
		{E9CC40AA-6614-4BCD-9DF1-B2DADCE6DF19}.Debug|Any CPU.Build.0 = Debug|Any CPU
		{E9CC40AA-6614-4BCD-9DF1-B2DADCE6DF19}.Release|Any CPU.ActiveCfg = Release|Any CPU
		{E9CC40AA-6614-4BCD-9DF1-B2DADCE6DF19}.Release|Any CPU.Build.0 = Release|Any CPU
		{C4C9D37B-0E15-4B1E-A5DA-8A49EAD9AC39}.Debug|Any CPU.ActiveCfg = Debug|Any CPU
		{C4C9D37B-0E15-4B1E-A5DA-8A49EAD9AC39}.Debug|Any CPU.Build.0 = Debug|Any CPU
		{C4C9D37B-0E15-4B1E-A5DA-8A49EAD9AC39}.Release|Any CPU.ActiveCfg = Release|Any CPU
		{C4C9D37B-0E15-4B1E-A5DA-8A49EAD9AC39}.Release|Any CPU.Build.0 = Release|Any CPU
		{AEDCBF84-FDB3-4ECD-8D6F-3A05E17516A9}.Debug|Any CPU.ActiveCfg = Debug|Any CPU
		{AEDCBF84-FDB3-4ECD-8D6F-3A05E17516A9}.Debug|Any CPU.Build.0 = Debug|Any CPU
		{AEDCBF84-FDB3-4ECD-8D6F-3A05E17516A9}.Release|Any CPU.ActiveCfg = Release|Any CPU
		{AEDCBF84-FDB3-4ECD-8D6F-3A05E17516A9}.Release|Any CPU.Build.0 = Release|Any CPU
	EndGlobalSection
	GlobalSection(SolutionProperties) = preSolution
		HideSolutionNode = FALSE
	EndGlobalSection
	GlobalSection(NestedProjects) = preSolution
		{4FD7D595-8FCE-44C9-8BB3-67500834770F} = {17E680C0-7C92-462C-8869-F67EEE313F9B}
		{F3D3FF1E-4242-402B-8E64-03B082A80E29} = {C217720D-73F7-4639-A370-D7F30147DEC0}
		{54C0C5CB-092A-49D0-BD6A-A777F6F9609E} = {5D9B740D-1B86-406B-A3B4-A13EA4485F44}
		{AF61FC13-C7EC-4F51-9EB6-91C3ECF16814} = {5D9B740D-1B86-406B-A3B4-A13EA4485F44}
		{7B280E5F-ABA8-4AD5-A138-7B820FB10B3F} = {C217720D-73F7-4639-A370-D7F30147DEC0}
		{C7FFC6EA-0857-4AE2-9BA6-A0B775C2AC62} = {5D9B740D-1B86-406B-A3B4-A13EA4485F44}
		{3DE757B1-4BE7-48E9-BF44-585AAC801D0F} = {C217720D-73F7-4639-A370-D7F30147DEC0}
		{489BB790-226C-4FAD-8D1E-51D72A7FF8E5} = {5D9B740D-1B86-406B-A3B4-A13EA4485F44}
		{6DEFD084-3627-47DC-8FF9-438E155C82FE} = {17E680C0-7C92-462C-8869-F67EEE313F9B}
		{B79EAD11-E42D-4C37-BF3D-1CB6AC861719} = {7A550AF4-65EA-4209-8808-ADFC2FC294A9}
		{CFC089C9-6C04-4035-983B-13369B311EC7} = {7A550AF4-65EA-4209-8808-ADFC2FC294A9}
		{74F6CFD8-550C-44F1-B3E4-910E57F5B604} = {5D9B740D-1B86-406B-A3B4-A13EA4485F44}
		{03FA4357-2435-4B4F-B956-D6EC454DF880} = {C70DAB71-276C-4F28-855C-F3C2E5AA61EC}
		{546E6400-8FB0-4642-B286-9CE2BF9F320A} = {C217720D-73F7-4639-A370-D7F30147DEC0}
		{3B0C7EE3-9613-4864-B952-9796F185F01D} = {C70DAB71-276C-4F28-855C-F3C2E5AA61EC}
		{26D0277E-A471-424D-8CFB-D8B4CB784505} = {C70DAB71-276C-4F28-855C-F3C2E5AA61EC}
		{491C0AE8-EDB9-4266-B0E6-1E0C4DE1F458} = {C70DAB71-276C-4F28-855C-F3C2E5AA61EC}
		{B8016EA9-B183-4023-A038-EA6E4657AF6D} = {C70DAB71-276C-4F28-855C-F3C2E5AA61EC}
		{ABE090D3-C134-47FE-8573-F85A48386D56} = {C70DAB71-276C-4F28-855C-F3C2E5AA61EC}
		{6DD4C9C1-F2F1-48BD-94F6-1A4F0DC2217C} = {344A7456-E538-48A4-A33D-778B0A035448}
		{30AF00B3-B30C-4A6C-8DE5-089126BBCFFC} = {C70DAB71-276C-4F28-855C-F3C2E5AA61EC}
		{B9530735-191F-42BB-83D0-329D3072EA4B} = {344A7456-E538-48A4-A33D-778B0A035448}
		{DA40E644-5B21-4406-A264-4408112EED75} = {344A7456-E538-48A4-A33D-778B0A035448}
		{588C1BEE-2456-43CE-A0E3-7E0A5C667830} = {344A7456-E538-48A4-A33D-778B0A035448}
		{8C377CB8-0E6C-4FAE-89F6-3C48119D66E1} = {344A7456-E538-48A4-A33D-778B0A035448}
		{A507487E-452B-402C-ACB5-B0BBD2DAE4A8} = {344A7456-E538-48A4-A33D-778B0A035448}
		{D6E16F81-E963-4F66-A426-2C85E519C7EA} = {344A7456-E538-48A4-A33D-778B0A035448}
		{C3B3A5A5-E733-40F3-BF5F-BA7A047A6D1F} = {344A7456-E538-48A4-A33D-778B0A035448}
		{B8473857-0BAE-40B0-9DC1-17D113C8FCF5} = {344A7456-E538-48A4-A33D-778B0A035448}
		{5A98F180-39A3-4FF1-860F-01AEB2D90A1C} = {344A7456-E538-48A4-A33D-778B0A035448}
		{4AFDA95F-75B3-43A6-929B-21C736680FF1} = {344A7456-E538-48A4-A33D-778B0A035448}
		{B7C06EE4-6B7E-40D4-91D9-5B6D2D2E3072} = {344A7456-E538-48A4-A33D-778B0A035448}
		{2D91F5B2-EA61-410A-9984-DA11AD4DF4BA} = {344A7456-E538-48A4-A33D-778B0A035448}
		{062A52E2-E67B-4BA3-8FD1-E781422ABFDF} = {344A7456-E538-48A4-A33D-778B0A035448}
		{27DE9997-344E-4AEF-8937-90595653FC78} = {344A7456-E538-48A4-A33D-778B0A035448}
		{379A6CD7-976C-4E52-B793-5EBC55AE03A3} = {344A7456-E538-48A4-A33D-778B0A035448}
		{2A19844C-4E85-45AF-AABF-570943C63053} = {344A7456-E538-48A4-A33D-778B0A035448}
		{2E1AF06D-4543-4D11-910D-35CC53890F7B} = {344A7456-E538-48A4-A33D-778B0A035448}
		{761F0066-611A-46D1-AE29-1EB92F051CD4} = {D9D131D4-3788-44DC-96F8-E4E818F7D906}
		{64F99E30-59CC-494D-81AE-82D6230A29AB} = {823A42C3-1EBC-43C8-A875-24833CA6EDB9}
		{E9CC40AA-6614-4BCD-9DF1-B2DADCE6DF19} = {823A42C3-1EBC-43C8-A875-24833CA6EDB9}
		{C4C9D37B-0E15-4B1E-A5DA-8A49EAD9AC39} = {823A42C3-1EBC-43C8-A875-24833CA6EDB9}
		{AEDCBF84-FDB3-4ECD-8D6F-3A05E17516A9} = {C70DAB71-276C-4F28-855C-F3C2E5AA61EC}
	EndGlobalSection
	GlobalSection(ExtensibilityGlobals) = postSolution
		SolutionGuid = {3C58FD0B-C4A3-49D3-9ECD-0D21FE6FF8B4}
	EndGlobalSection
EndGlobal
